// !$*UTF8*$!
{
	archiveVersion = 1;
	classes = {
	};
	objectVersion = 55;
	objects = {

/* Begin PBXBuildFile section */
		1502D772280D20E200219350 /* SwiftUITestApp.swift in Sources */ = {isa = PBXBuildFile; fileRef = 1502D771280D20E200219350 /* SwiftUITestApp.swift */; };
		1502D774280D20E200219350 /* ContentView.swift in Sources */ = {isa = PBXBuildFile; fileRef = 1502D773280D20E200219350 /* ContentView.swift */; };
		1502D776280D20E300219350 /* Assets.xcassets in Resources */ = {isa = PBXBuildFile; fileRef = 1502D775280D20E300219350 /* Assets.xcassets */; };
		1502D779280D20E300219350 /* Preview Assets.xcassets in Resources */ = {isa = PBXBuildFile; fileRef = 1502D778280D20E300219350 /* Preview Assets.xcassets */; };
		1502D783280D20E300219350 /* SwiftUITestTests.swift in Sources */ = {isa = PBXBuildFile; fileRef = 1502D782280D20E300219350 /* SwiftUITestTests.swift */; };
		1502D78D280D20E300219350 /* SwiftUITestUITests.swift in Sources */ = {isa = PBXBuildFile; fileRef = 1502D78C280D20E300219350 /* SwiftUITestUITests.swift */; };
		1502D78F280D20E300219350 /* SwiftUITestUITestsLaunchTests.swift in Sources */ = {isa = PBXBuildFile; fileRef = 1502D78E280D20E300219350 /* SwiftUITestUITestsLaunchTests.swift */; };
		1507C08D282B97E5001D38A5 /* MyClipShape.swift in Sources */ = {isa = PBXBuildFile; fileRef = 1507C08C282B97E5001D38A5 /* MyClipShape.swift */; };
		1528E7A5282BDDFA002C4B74 /* MyPath.swift in Sources */ = {isa = PBXBuildFile; fileRef = 1528E7A4282BDDFA002C4B74 /* MyPath.swift */; };
		153FCB80282BDA67009E469A /* MyShape.swift in Sources */ = {isa = PBXBuildFile; fileRef = 153FCB7F282BDA67009E469A /* MyShape.swift */; };
		15487BB3281E4C0F0088EF5A /* MyAlertView.swift in Sources */ = {isa = PBXBuildFile; fileRef = 15487BB2281E4C0F0088EF5A /* MyAlertView.swift */; };
		15487BB5281E5E280088EF5A /* MyTextFileAlert.swift in Sources */ = {isa = PBXBuildFile; fileRef = 15487BB4281E5E280088EF5A /* MyTextFileAlert.swift */; };
		15508E35281F7A2300EDEB10 /* ListViewTester.swift in Sources */ = {isa = PBXBuildFile; fileRef = 15508E34281F7A2300EDEB10 /* ListViewTester.swift */; };
		1553C6B928235E6E00EA8615 /* MySection.swift in Sources */ = {isa = PBXBuildFile; fileRef = 1553C6B828235E6E00EA8615 /* MySection.swift */; };
		159F7836281E60D700293E83 /* MyTextFieldTester.swift in Sources */ = {isa = PBXBuildFile; fileRef = 159F7835281E60D700293E83 /* MyTextFieldTester.swift */; };
		15EFC71B282A20F100F65F0D /* MySheet.swift in Sources */ = {isa = PBXBuildFile; fileRef = 15EFC71A282A20F100F65F0D /* MySheet.swift */; };
/* End PBXBuildFile section */

/* Begin PBXContainerItemProxy section */
		1502D77F280D20E300219350 /* PBXContainerItemProxy */ = {
			isa = PBXContainerItemProxy;
			containerPortal = 1502D766280D20E200219350 /* Project object */;
			proxyType = 1;
			remoteGlobalIDString = 1502D76D280D20E200219350;
			remoteInfo = SwiftUITest;
		};
		1502D789280D20E300219350 /* PBXContainerItemProxy */ = {
			isa = PBXContainerItemProxy;
			containerPortal = 1502D766280D20E200219350 /* Project object */;
			proxyType = 1;
			remoteGlobalIDString = 1502D76D280D20E200219350;
			remoteInfo = SwiftUITest;
		};
/* End PBXContainerItemProxy section */

/* Begin PBXFileReference section */
		1502D76E280D20E200219350 /* SwiftUITest.app */ = {isa = PBXFileReference; explicitFileType = wrapper.application; includeInIndex = 0; path = SwiftUITest.app; sourceTree = BUILT_PRODUCTS_DIR; };
		1502D771280D20E200219350 /* SwiftUITestApp.swift */ = {isa = PBXFileReference; lastKnownFileType = sourcecode.swift; path = SwiftUITestApp.swift; sourceTree = "<group>"; };
		1502D773280D20E200219350 /* ContentView.swift */ = {isa = PBXFileReference; lastKnownFileType = sourcecode.swift; path = ContentView.swift; sourceTree = "<group>"; };
		1502D775280D20E300219350 /* Assets.xcassets */ = {isa = PBXFileReference; lastKnownFileType = folder.assetcatalog; path = Assets.xcassets; sourceTree = "<group>"; };
		1502D778280D20E300219350 /* Preview Assets.xcassets */ = {isa = PBXFileReference; lastKnownFileType = folder.assetcatalog; path = "Preview Assets.xcassets"; sourceTree = "<group>"; };
		1502D77E280D20E300219350 /* SwiftUITestTests.xctest */ = {isa = PBXFileReference; explicitFileType = wrapper.cfbundle; includeInIndex = 0; path = SwiftUITestTests.xctest; sourceTree = BUILT_PRODUCTS_DIR; };
		1502D782280D20E300219350 /* SwiftUITestTests.swift */ = {isa = PBXFileReference; lastKnownFileType = sourcecode.swift; path = SwiftUITestTests.swift; sourceTree = "<group>"; };
		1502D788280D20E300219350 /* SwiftUITestUITests.xctest */ = {isa = PBXFileReference; explicitFileType = wrapper.cfbundle; includeInIndex = 0; path = SwiftUITestUITests.xctest; sourceTree = BUILT_PRODUCTS_DIR; };
		1502D78C280D20E300219350 /* SwiftUITestUITests.swift */ = {isa = PBXFileReference; lastKnownFileType = sourcecode.swift; path = SwiftUITestUITests.swift; sourceTree = "<group>"; };
		1502D78E280D20E300219350 /* SwiftUITestUITestsLaunchTests.swift */ = {isa = PBXFileReference; lastKnownFileType = sourcecode.swift; path = SwiftUITestUITestsLaunchTests.swift; sourceTree = "<group>"; };
		1507C08C282B97E5001D38A5 /* MyClipShape.swift */ = {isa = PBXFileReference; lastKnownFileType = sourcecode.swift; path = MyClipShape.swift; sourceTree = "<group>"; };
		1528E7A4282BDDFA002C4B74 /* MyPath.swift */ = {isa = PBXFileReference; lastKnownFileType = sourcecode.swift; path = MyPath.swift; sourceTree = "<group>"; };
		153FCB7F282BDA67009E469A /* MyShape.swift */ = {isa = PBXFileReference; lastKnownFileType = sourcecode.swift; path = MyShape.swift; sourceTree = "<group>"; };
		15487BB2281E4C0F0088EF5A /* MyAlertView.swift */ = {isa = PBXFileReference; lastKnownFileType = sourcecode.swift; path = MyAlertView.swift; sourceTree = "<group>"; };
		15487BB4281E5E280088EF5A /* MyTextFileAlert.swift */ = {isa = PBXFileReference; lastKnownFileType = sourcecode.swift; path = MyTextFileAlert.swift; sourceTree = "<group>"; };
		15508E34281F7A2300EDEB10 /* ListViewTester.swift */ = {isa = PBXFileReference; lastKnownFileType = sourcecode.swift; path = ListViewTester.swift; sourceTree = "<group>"; };
		1553C6B828235E6E00EA8615 /* MySection.swift */ = {isa = PBXFileReference; lastKnownFileType = sourcecode.swift; path = MySection.swift; sourceTree = "<group>"; };
		159F7835281E60D700293E83 /* MyTextFieldTester.swift */ = {isa = PBXFileReference; lastKnownFileType = sourcecode.swift; path = MyTextFieldTester.swift; sourceTree = "<group>"; };
		15EFC71A282A20F100F65F0D /* MySheet.swift */ = {isa = PBXFileReference; lastKnownFileType = sourcecode.swift; path = MySheet.swift; sourceTree = "<group>"; };
/* End PBXFileReference section */

/* Begin PBXFrameworksBuildPhase section */
		1502D76B280D20E200219350 /* Frameworks */ = {
			isa = PBXFrameworksBuildPhase;
			buildActionMask = 2147483647;
			files = (
			);
			runOnlyForDeploymentPostprocessing = 0;
		};
		1502D77B280D20E300219350 /* Frameworks */ = {
			isa = PBXFrameworksBuildPhase;
			buildActionMask = 2147483647;
			files = (
			);
			runOnlyForDeploymentPostprocessing = 0;
		};
		1502D785280D20E300219350 /* Frameworks */ = {
			isa = PBXFrameworksBuildPhase;
			buildActionMask = 2147483647;
			files = (
			);
			runOnlyForDeploymentPostprocessing = 0;
		};
/* End PBXFrameworksBuildPhase section */

/* Begin PBXGroup section */
		1502D765280D20E200219350 = {
			isa = PBXGroup;
			children = (
				1502D770280D20E200219350 /* SwiftUITest */,
				1502D781280D20E300219350 /* SwiftUITestTests */,
				1502D78B280D20E300219350 /* SwiftUITestUITests */,
				1502D76F280D20E200219350 /* Products */,
			);
			sourceTree = "<group>";
		};
		1502D76F280D20E200219350 /* Products */ = {
			isa = PBXGroup;
			children = (
				1502D76E280D20E200219350 /* SwiftUITest.app */,
				1502D77E280D20E300219350 /* SwiftUITestTests.xctest */,
				1502D788280D20E300219350 /* SwiftUITestUITests.xctest */,
			);
			name = Products;
			sourceTree = "<group>";
		};
		1502D770280D20E200219350 /* SwiftUITest */ = {
			isa = PBXGroup;
			children = (
				153FCB7E282BDA33009E469A /* Protocol */,
				153FCB7D282BDA23009E469A /* View */,
				15EFC717282A20CD00F65F0D /* Modifier */,
				1502D771280D20E200219350 /* SwiftUITestApp.swift */,
				1502D773280D20E200219350 /* ContentView.swift */,
				1502D775280D20E300219350 /* Assets.xcassets */,
				1502D777280D20E300219350 /* Preview Content */,
			);
			path = SwiftUITest;
			sourceTree = "<group>";
		};
		1502D777280D20E300219350 /* Preview Content */ = {
			isa = PBXGroup;
			children = (
				1502D778280D20E300219350 /* Preview Assets.xcassets */,
			);
			path = "Preview Content";
			sourceTree = "<group>";
		};
		1502D781280D20E300219350 /* SwiftUITestTests */ = {
			isa = PBXGroup;
			children = (
				1502D782280D20E300219350 /* SwiftUITestTests.swift */,
			);
			path = SwiftUITestTests;
			sourceTree = "<group>";
		};
		1502D78B280D20E300219350 /* SwiftUITestUITests */ = {
			isa = PBXGroup;
			children = (
				1502D78C280D20E300219350 /* SwiftUITestUITests.swift */,
				1502D78E280D20E300219350 /* SwiftUITestUITestsLaunchTests.swift */,
			);
			path = SwiftUITestUITests;
			sourceTree = "<group>";
		};
		153FCB7D282BDA23009E469A /* View */ = {
			isa = PBXGroup;
			children = (
				15487BAF281E4BE80088EF5A /* AlertView */,
				15508E33281F7A1600EDEB10 /* ListView */,
				1553C6B728235E5C00EA8615 /* Section */,
				1528E7A4282BDDFA002C4B74 /* MyPath.swift */,
			);
			path = View;
			sourceTree = "<group>";
		};
		153FCB7E282BDA33009E469A /* Protocol */ = {
			isa = PBXGroup;
			children = (
				153FCB7F282BDA67009E469A /* MyShape.swift */,
			);
			path = Protocol;
			sourceTree = "<group>";
		};
		15487BAF281E4BE80088EF5A /* AlertView */ = {
			isa = PBXGroup;
			children = (
				15487BB2281E4C0F0088EF5A /* MyAlertView.swift */,
				15487BB4281E5E280088EF5A /* MyTextFileAlert.swift */,
				159F7835281E60D700293E83 /* MyTextFieldTester.swift */,
			);
			path = AlertView;
			sourceTree = "<group>";
		};
		15508E33281F7A1600EDEB10 /* ListView */ = {
			isa = PBXGroup;
			children = (
				15508E34281F7A2300EDEB10 /* ListViewTester.swift */,
			);
			path = ListView;
			sourceTree = "<group>";
		};
		1553C6B728235E5C00EA8615 /* Section */ = {
			isa = PBXGroup;
			children = (
				1553C6B828235E6E00EA8615 /* MySection.swift */,
			);
			path = Section;
			sourceTree = "<group>";
		};
		15EFC717282A20CD00F65F0D /* Modifier */ = {
			isa = PBXGroup;
			children = (
				15EFC71A282A20F100F65F0D /* MySheet.swift */,
				1507C08C282B97E5001D38A5 /* MyClipShape.swift */,
			);
			path = Modifier;
			sourceTree = "<group>";
		};
/* End PBXGroup section */

/* Begin PBXNativeTarget section */
		1502D76D280D20E200219350 /* SwiftUITest */ = {
			isa = PBXNativeTarget;
			buildConfigurationList = 1502D792280D20E300219350 /* Build configuration list for PBXNativeTarget "SwiftUITest" */;
			buildPhases = (
				1502D76A280D20E200219350 /* Sources */,
				1502D76B280D20E200219350 /* Frameworks */,
				1502D76C280D20E200219350 /* Resources */,
			);
			buildRules = (
			);
			dependencies = (
			);
			name = SwiftUITest;
			productName = SwiftUITest;
			productReference = 1502D76E280D20E200219350 /* SwiftUITest.app */;
			productType = "com.apple.product-type.application";
		};
		1502D77D280D20E300219350 /* SwiftUITestTests */ = {
			isa = PBXNativeTarget;
			buildConfigurationList = 1502D795280D20E300219350 /* Build configuration list for PBXNativeTarget "SwiftUITestTests" */;
			buildPhases = (
				1502D77A280D20E300219350 /* Sources */,
				1502D77B280D20E300219350 /* Frameworks */,
				1502D77C280D20E300219350 /* Resources */,
			);
			buildRules = (
			);
			dependencies = (
				1502D780280D20E300219350 /* PBXTargetDependency */,
			);
			name = SwiftUITestTests;
			productName = SwiftUITestTests;
			productReference = 1502D77E280D20E300219350 /* SwiftUITestTests.xctest */;
			productType = "com.apple.product-type.bundle.unit-test";
		};
		1502D787280D20E300219350 /* SwiftUITestUITests */ = {
			isa = PBXNativeTarget;
			buildConfigurationList = 1502D798280D20E300219350 /* Build configuration list for PBXNativeTarget "SwiftUITestUITests" */;
			buildPhases = (
				1502D784280D20E300219350 /* Sources */,
				1502D785280D20E300219350 /* Frameworks */,
				1502D786280D20E300219350 /* Resources */,
			);
			buildRules = (
			);
			dependencies = (
				1502D78A280D20E300219350 /* PBXTargetDependency */,
			);
			name = SwiftUITestUITests;
			productName = SwiftUITestUITests;
			productReference = 1502D788280D20E300219350 /* SwiftUITestUITests.xctest */;
			productType = "com.apple.product-type.bundle.ui-testing";
		};
/* End PBXNativeTarget section */

/* Begin PBXProject section */
		1502D766280D20E200219350 /* Project object */ = {
			isa = PBXProject;
			attributes = {
				BuildIndependentTargetsInParallel = 1;
				LastSwiftUpdateCheck = 1330;
				LastUpgradeCheck = 1330;
				TargetAttributes = {
					1502D76D280D20E200219350 = {
						CreatedOnToolsVersion = 13.3;
					};
					1502D77D280D20E300219350 = {
						CreatedOnToolsVersion = 13.3;
						TestTargetID = 1502D76D280D20E200219350;
					};
					1502D787280D20E300219350 = {
						CreatedOnToolsVersion = 13.3;
						TestTargetID = 1502D76D280D20E200219350;
					};
				};
			};
			buildConfigurationList = 1502D769280D20E200219350 /* Build configuration list for PBXProject "SwiftUITest" */;
			compatibilityVersion = "Xcode 13.0";
			developmentRegion = en;
			hasScannedForEncodings = 0;
			knownRegions = (
				en,
				Base,
			);
			mainGroup = 1502D765280D20E200219350;
			productRefGroup = 1502D76F280D20E200219350 /* Products */;
			projectDirPath = "";
			projectRoot = "";
			targets = (
				1502D76D280D20E200219350 /* SwiftUITest */,
				1502D77D280D20E300219350 /* SwiftUITestTests */,
				1502D787280D20E300219350 /* SwiftUITestUITests */,
			);
		};
/* End PBXProject section */

/* Begin PBXResourcesBuildPhase section */
		1502D76C280D20E200219350 /* Resources */ = {
			isa = PBXResourcesBuildPhase;
			buildActionMask = 2147483647;
			files = (
				1502D779280D20E300219350 /* Preview Assets.xcassets in Resources */,
				1502D776280D20E300219350 /* Assets.xcassets in Resources */,
			);
			runOnlyForDeploymentPostprocessing = 0;
		};
		1502D77C280D20E300219350 /* Resources */ = {
			isa = PBXResourcesBuildPhase;
			buildActionMask = 2147483647;
			files = (
			);
			runOnlyForDeploymentPostprocessing = 0;
		};
		1502D786280D20E300219350 /* Resources */ = {
			isa = PBXResourcesBuildPhase;
			buildActionMask = 2147483647;
			files = (
			);
			runOnlyForDeploymentPostprocessing = 0;
		};
/* End PBXResourcesBuildPhase section */

/* Begin PBXSourcesBuildPhase section */
		1502D76A280D20E200219350 /* Sources */ = {
			isa = PBXSourcesBuildPhase;
			buildActionMask = 2147483647;
			files = (
				1553C6B928235E6E00EA8615 /* MySection.swift in Sources */,
				159F7836281E60D700293E83 /* MyTextFieldTester.swift in Sources */,
				15508E35281F7A2300EDEB10 /* ListViewTester.swift in Sources */,
				15487BB3281E4C0F0088EF5A /* MyAlertView.swift in Sources */,
				1502D774280D20E200219350 /* ContentView.swift in Sources */,
				1502D772280D20E200219350 /* SwiftUITestApp.swift in Sources */,
				15487BB5281E5E280088EF5A /* MyTextFileAlert.swift in Sources */,
				1507C08D282B97E5001D38A5 /* MyClipShape.swift in Sources */,
				1528E7A5282BDDFA002C4B74 /* MyPath.swift in Sources */,
				15EFC71B282A20F100F65F0D /* MySheet.swift in Sources */,
				153FCB80282BDA67009E469A /* MyShape.swift in Sources */,
			);
			runOnlyForDeploymentPostprocessing = 0;
		};
		1502D77A280D20E300219350 /* Sources */ = {
			isa = PBXSourcesBuildPhase;
			buildActionMask = 2147483647;
			files = (
				1502D783280D20E300219350 /* SwiftUITestTests.swift in Sources */,
			);
			runOnlyForDeploymentPostprocessing = 0;
		};
		1502D784280D20E300219350 /* Sources */ = {
			isa = PBXSourcesBuildPhase;
			buildActionMask = 2147483647;
			files = (
				1502D78F280D20E300219350 /* SwiftUITestUITestsLaunchTests.swift in Sources */,
				1502D78D280D20E300219350 /* SwiftUITestUITests.swift in Sources */,
			);
			runOnlyForDeploymentPostprocessing = 0;
		};
/* End PBXSourcesBuildPhase section */

/* Begin PBXTargetDependency section */
		1502D780280D20E300219350 /* PBXTargetDependency */ = {
			isa = PBXTargetDependency;
			target = 1502D76D280D20E200219350 /* SwiftUITest */;
			targetProxy = 1502D77F280D20E300219350 /* PBXContainerItemProxy */;
		};
		1502D78A280D20E300219350 /* PBXTargetDependency */ = {
			isa = PBXTargetDependency;
			target = 1502D76D280D20E200219350 /* SwiftUITest */;
			targetProxy = 1502D789280D20E300219350 /* PBXContainerItemProxy */;
		};
/* End PBXTargetDependency section */

/* Begin XCBuildConfiguration section */
		1502D790280D20E300219350 /* Debug */ = {
			isa = XCBuildConfiguration;
			buildSettings = {
				ALWAYS_SEARCH_USER_PATHS = NO;
				CLANG_ANALYZER_NONNULL = YES;
				CLANG_ANALYZER_NUMBER_OBJECT_CONVERSION = YES_AGGRESSIVE;
				CLANG_CXX_LANGUAGE_STANDARD = "gnu++17";
				CLANG_ENABLE_MODULES = YES;
				CLANG_ENABLE_OBJC_ARC = YES;
				CLANG_ENABLE_OBJC_WEAK = YES;
				CLANG_WARN_BLOCK_CAPTURE_AUTORELEASING = YES;
				CLANG_WARN_BOOL_CONVERSION = YES;
				CLANG_WARN_COMMA = YES;
				CLANG_WARN_CONSTANT_CONVERSION = YES;
				CLANG_WARN_DEPRECATED_OBJC_IMPLEMENTATIONS = YES;
				CLANG_WARN_DIRECT_OBJC_ISA_USAGE = YES_ERROR;
				CLANG_WARN_DOCUMENTATION_COMMENTS = YES;
				CLANG_WARN_EMPTY_BODY = YES;
				CLANG_WARN_ENUM_CONVERSION = YES;
				CLANG_WARN_INFINITE_RECURSION = YES;
				CLANG_WARN_INT_CONVERSION = YES;
				CLANG_WARN_NON_LITERAL_NULL_CONVERSION = YES;
				CLANG_WARN_OBJC_IMPLICIT_RETAIN_SELF = YES;
				CLANG_WARN_OBJC_LITERAL_CONVERSION = YES;
				CLANG_WARN_OBJC_ROOT_CLASS = YES_ERROR;
				CLANG_WARN_QUOTED_INCLUDE_IN_FRAMEWORK_HEADER = YES;
				CLANG_WARN_RANGE_LOOP_ANALYSIS = YES;
				CLANG_WARN_STRICT_PROTOTYPES = YES;
				CLANG_WARN_SUSPICIOUS_MOVE = YES;
				CLANG_WARN_UNGUARDED_AVAILABILITY = YES_AGGRESSIVE;
				CLANG_WARN_UNREACHABLE_CODE = YES;
				CLANG_WARN__DUPLICATE_METHOD_MATCH = YES;
				COPY_PHASE_STRIP = NO;
				DEBUG_INFORMATION_FORMAT = dwarf;
				ENABLE_STRICT_OBJC_MSGSEND = YES;
				ENABLE_TESTABILITY = YES;
				GCC_C_LANGUAGE_STANDARD = gnu11;
				GCC_DYNAMIC_NO_PIC = NO;
				GCC_NO_COMMON_BLOCKS = YES;
				GCC_OPTIMIZATION_LEVEL = 0;
				GCC_PREPROCESSOR_DEFINITIONS = (
					"DEBUG=1",
					"$(inherited)",
				);
				GCC_WARN_64_TO_32_BIT_CONVERSION = YES;
				GCC_WARN_ABOUT_RETURN_TYPE = YES_ERROR;
				GCC_WARN_UNDECLARED_SELECTOR = YES;
				GCC_WARN_UNINITIALIZED_AUTOS = YES_AGGRESSIVE;
				GCC_WARN_UNUSED_FUNCTION = YES;
				GCC_WARN_UNUSED_VARIABLE = YES;
				IPHONEOS_DEPLOYMENT_TARGET = 15.4;
				MTL_ENABLE_DEBUG_INFO = INCLUDE_SOURCE;
				MTL_FAST_MATH = YES;
				ONLY_ACTIVE_ARCH = YES;
				SDKROOT = iphoneos;
				SWIFT_ACTIVE_COMPILATION_CONDITIONS = DEBUG;
				SWIFT_OPTIMIZATION_LEVEL = "-Onone";
			};
			name = Debug;
		};
		1502D791280D20E300219350 /* Release */ = {
			isa = XCBuildConfiguration;
			buildSettings = {
				ALWAYS_SEARCH_USER_PATHS = NO;
				CLANG_ANALYZER_NONNULL = YES;
				CLANG_ANALYZER_NUMBER_OBJECT_CONVERSION = YES_AGGRESSIVE;
				CLANG_CXX_LANGUAGE_STANDARD = "gnu++17";
				CLANG_ENABLE_MODULES = YES;
				CLANG_ENABLE_OBJC_ARC = YES;
				CLANG_ENABLE_OBJC_WEAK = YES;
				CLANG_WARN_BLOCK_CAPTURE_AUTORELEASING = YES;
				CLANG_WARN_BOOL_CONVERSION = YES;
				CLANG_WARN_COMMA = YES;
				CLANG_WARN_CONSTANT_CONVERSION = YES;
				CLANG_WARN_DEPRECATED_OBJC_IMPLEMENTATIONS = YES;
				CLANG_WARN_DIRECT_OBJC_ISA_USAGE = YES_ERROR;
				CLANG_WARN_DOCUMENTATION_COMMENTS = YES;
				CLANG_WARN_EMPTY_BODY = YES;
				CLANG_WARN_ENUM_CONVERSION = YES;
				CLANG_WARN_INFINITE_RECURSION = YES;
				CLANG_WARN_INT_CONVERSION = YES;
				CLANG_WARN_NON_LITERAL_NULL_CONVERSION = YES;
				CLANG_WARN_OBJC_IMPLICIT_RETAIN_SELF = YES;
				CLANG_WARN_OBJC_LITERAL_CONVERSION = YES;
				CLANG_WARN_OBJC_ROOT_CLASS = YES_ERROR;
				CLANG_WARN_QUOTED_INCLUDE_IN_FRAMEWORK_HEADER = YES;
				CLANG_WARN_RANGE_LOOP_ANALYSIS = YES;
				CLANG_WARN_STRICT_PROTOTYPES = YES;
				CLANG_WARN_SUSPICIOUS_MOVE = YES;
				CLANG_WARN_UNGUARDED_AVAILABILITY = YES_AGGRESSIVE;
				CLANG_WARN_UNREACHABLE_CODE = YES;
				CLANG_WARN__DUPLICATE_METHOD_MATCH = YES;
				COPY_PHASE_STRIP = NO;
				DEBUG_INFORMATION_FORMAT = "dwarf-with-dsym";
				ENABLE_NS_ASSERTIONS = NO;
				ENABLE_STRICT_OBJC_MSGSEND = YES;
				GCC_C_LANGUAGE_STANDARD = gnu11;
				GCC_NO_COMMON_BLOCKS = YES;
				GCC_WARN_64_TO_32_BIT_CONVERSION = YES;
				GCC_WARN_ABOUT_RETURN_TYPE = YES_ERROR;
				GCC_WARN_UNDECLARED_SELECTOR = YES;
				GCC_WARN_UNINITIALIZED_AUTOS = YES_AGGRESSIVE;
				GCC_WARN_UNUSED_FUNCTION = YES;
				GCC_WARN_UNUSED_VARIABLE = YES;
				IPHONEOS_DEPLOYMENT_TARGET = 15.4;
				MTL_ENABLE_DEBUG_INFO = NO;
				MTL_FAST_MATH = YES;
				SDKROOT = iphoneos;
				SWIFT_COMPILATION_MODE = wholemodule;
				SWIFT_OPTIMIZATION_LEVEL = "-O";
				VALIDATE_PRODUCT = YES;
			};
			name = Release;
		};
		1502D793280D20E300219350 /* Debug */ = {
			isa = XCBuildConfiguration;
			buildSettings = {
				ASSETCATALOG_COMPILER_APPICON_NAME = AppIcon;
				ASSETCATALOG_COMPILER_GLOBAL_ACCENT_COLOR_NAME = AccentColor;
				CODE_SIGN_STYLE = Automatic;
				CURRENT_PROJECT_VERSION = 1;
				DEVELOPMENT_ASSET_PATHS = "\"SwiftUITest/Preview Content\"";
				DEVELOPMENT_TEAM = MAU8HFALP8;
				ENABLE_PREVIEWS = YES;
				GENERATE_INFOPLIST_FILE = YES;
				INFOPLIST_KEY_UIApplicationSceneManifest_Generation = YES;
				INFOPLIST_KEY_UIApplicationSupportsIndirectInputEvents = YES;
				INFOPLIST_KEY_UILaunchScreen_Generation = YES;
				INFOPLIST_KEY_UISupportedInterfaceOrientations_iPad = "UIInterfaceOrientationPortrait UIInterfaceOrientationPortraitUpsideDown UIInterfaceOrientationLandscapeLeft UIInterfaceOrientationLandscapeRight";
				INFOPLIST_KEY_UISupportedInterfaceOrientations_iPhone = "UIInterfaceOrientationPortrait UIInterfaceOrientationLandscapeLeft UIInterfaceOrientationLandscapeRight";
				LD_RUNPATH_SEARCH_PATHS = (
					"$(inherited)",
					"@executable_path/Frameworks",
				);
				MARKETING_VERSION = 1.0;
				PRODUCT_BUNDLE_IDENTIFIER = com.page.SwiftUITest;
				PRODUCT_NAME = "$(TARGET_NAME)";
				SWIFT_EMIT_LOC_STRINGS = YES;
				SWIFT_VERSION = 5.0;
				TARGETED_DEVICE_FAMILY = "1,2";
			};
			name = Debug;
		};
		1502D794280D20E300219350 /* Release */ = {
			isa = XCBuildConfiguration;
			buildSettings = {
				ASSETCATALOG_COMPILER_APPICON_NAME = AppIcon;
				ASSETCATALOG_COMPILER_GLOBAL_ACCENT_COLOR_NAME = AccentColor;
				CODE_SIGN_STYLE = Automatic;
				CURRENT_PROJECT_VERSION = 1;
				DEVELOPMENT_ASSET_PATHS = "\"SwiftUITest/Preview Content\"";
				DEVELOPMENT_TEAM = MAU8HFALP8;
				ENABLE_PREVIEWS = YES;
				GENERATE_INFOPLIST_FILE = YES;
				INFOPLIST_KEY_UIApplicationSceneManifest_Generation = YES;
				INFOPLIST_KEY_UIApplicationSupportsIndirectInputEvents = YES;
				INFOPLIST_KEY_UILaunchScreen_Generation = YES;
				INFOPLIST_KEY_UISupportedInterfaceOrientations_iPad = "UIInterfaceOrientationPortrait UIInterfaceOrientationPortraitUpsideDown UIInterfaceOrientationLandscapeLeft UIInterfaceOrientationLandscapeRight";
				INFOPLIST_KEY_UISupportedInterfaceOrientations_iPhone = "UIInterfaceOrientationPortrait UIInterfaceOrientationLandscapeLeft UIInterfaceOrientationLandscapeRight";
				LD_RUNPATH_SEARCH_PATHS = (
					"$(inherited)",
					"@executable_path/Frameworks",
				);
				MARKETING_VERSION = 1.0;
				PRODUCT_BUNDLE_IDENTIFIER = com.page.SwiftUITest;
				PRODUCT_NAME = "$(TARGET_NAME)";
				SWIFT_EMIT_LOC_STRINGS = YES;
				SWIFT_VERSION = 5.0;
				TARGETED_DEVICE_FAMILY = "1,2";
			};
			name = Release;
		};
		1502D796280D20E300219350 /* Debug */ = {
			isa = XCBuildConfiguration;
			buildSettings = {
				ALWAYS_EMBED_SWIFT_STANDARD_LIBRARIES = YES;
				BUNDLE_LOADER = "$(TEST_HOST)";
				CODE_SIGN_STYLE = Automatic;
				CURRENT_PROJECT_VERSION = 1;
				DEVELOPMENT_TEAM = MAU8HFALP8;
				GENERATE_INFOPLIST_FILE = YES;
				IPHONEOS_DEPLOYMENT_TARGET = 15.4;
				MARKETING_VERSION = 1.0;
				PRODUCT_BUNDLE_IDENTIFIER = com.page.SwiftUITestTests;
				PRODUCT_NAME = "$(TARGET_NAME)";
				SWIFT_EMIT_LOC_STRINGS = NO;
				SWIFT_VERSION = 5.0;
				TARGETED_DEVICE_FAMILY = "1,2";
				TEST_HOST = "$(BUILT_PRODUCTS_DIR)/SwiftUITest.app/SwiftUITest";
			};
			name = Debug;
		};
		1502D797280D20E300219350 /* Release */ = {
			isa = XCBuildConfiguration;
			buildSettings = {
				ALWAYS_EMBED_SWIFT_STANDARD_LIBRARIES = YES;
				BUNDLE_LOADER = "$(TEST_HOST)";
				CODE_SIGN_STYLE = Automatic;
				CURRENT_PROJECT_VERSION = 1;
				DEVELOPMENT_TEAM = MAU8HFALP8;
				GENERATE_INFOPLIST_FILE = YES;
				IPHONEOS_DEPLOYMENT_TARGET = 15.4;
				MARKETING_VERSION = 1.0;
				PRODUCT_BUNDLE_IDENTIFIER = com.page.SwiftUITestTests;
				PRODUCT_NAME = "$(TARGET_NAME)";
				SWIFT_EMIT_LOC_STRINGS = NO;
				SWIFT_VERSION = 5.0;
				TARGETED_DEVICE_FAMILY = "1,2";
				TEST_HOST = "$(BUILT_PRODUCTS_DIR)/SwiftUITest.app/SwiftUITest";
			};
			name = Release;
		};
		1502D799280D20E300219350 /* Debug */ = {
			isa = XCBuildConfiguration;
			buildSettings = {
				ALWAYS_EMBED_SWIFT_STANDARD_LIBRARIES = YES;
				CODE_SIGN_STYLE = Automatic;
				CURRENT_PROJECT_VERSION = 1;
				DEVELOPMENT_TEAM = MAU8HFALP8;
				GENERATE_INFOPLIST_FILE = YES;
				MARKETING_VERSION = 1.0;
				PRODUCT_BUNDLE_IDENTIFIER = com.page.SwiftUITestUITests;
				PRODUCT_NAME = "$(TARGET_NAME)";
				SWIFT_EMIT_LOC_STRINGS = NO;
				SWIFT_VERSION = 5.0;
				TARGETED_DEVICE_FAMILY = "1,2";
				TEST_TARGET_NAME = SwiftUITest;
			};
			name = Debug;
		};
		1502D79A280D20E300219350 /* Release */ = {
			isa = XCBuildConfiguration;
			buildSettings = {
				ALWAYS_EMBED_SWIFT_STANDARD_LIBRARIES = YES;
				CODE_SIGN_STYLE = Automatic;
				CURRENT_PROJECT_VERSION = 1;
				DEVELOPMENT_TEAM = MAU8HFALP8;
				GENERATE_INFOPLIST_FILE = YES;
				MARKETING_VERSION = 1.0;
				PRODUCT_BUNDLE_IDENTIFIER = com.page.SwiftUITestUITests;
				PRODUCT_NAME = "$(TARGET_NAME)";
				SWIFT_EMIT_LOC_STRINGS = NO;
				SWIFT_VERSION = 5.0;
				TARGETED_DEVICE_FAMILY = "1,2";
				TEST_TARGET_NAME = SwiftUITest;
			};
			name = Release;
		};
/* End XCBuildConfiguration section */

/* Begin XCConfigurationList section */
		1502D769280D20E200219350 /* Build configuration list for PBXProject "SwiftUITest" */ = {
			isa = XCConfigurationList;
			buildConfigurations = (
				1502D790280D20E300219350 /* Debug */,
				1502D791280D20E300219350 /* Release */,
			);
			defaultConfigurationIsVisible = 0;
			defaultConfigurationName = Release;
		};
		1502D792280D20E300219350 /* Build configuration list for PBXNativeTarget "SwiftUITest" */ = {
			isa = XCConfigurationList;
			buildConfigurations = (
				1502D793280D20E300219350 /* Debug */,
				1502D794280D20E300219350 /* Release */,
			);
			defaultConfigurationIsVisible = 0;
			defaultConfigurationName = Release;
		};
		1502D795280D20E300219350 /* Build configuration list for PBXNativeTarget "SwiftUITestTests" */ = {
			isa = XCConfigurationList;
			buildConfigurations = (
				1502D796280D20E300219350 /* Debug */,
				1502D797280D20E300219350 /* Release */,
			);
			defaultConfigurationIsVisible = 0;
			defaultConfigurationName = Release;
		};
		1502D798280D20E300219350 /* Build configuration list for PBXNativeTarget "SwiftUITestUITests" */ = {
			isa = XCConfigurationList;
			buildConfigurations = (
				1502D799280D20E300219350 /* Debug */,
				1502D79A280D20E300219350 /* Release */,
			);
			defaultConfigurationIsVisible = 0;
			defaultConfigurationName = Release;
		};
/* End XCConfigurationList section */
	};
	rootObject = 1502D766280D20E200219350 /* Project object */;
}
