// !$*UTF8*$!
{
	archiveVersion = 1;
	classes = {
	};
	objectVersion = 55;
	objects = {

/* Begin PBXBuildFile section */
		1502D772280D20E200219350 /* SwiftUITestApp.swift in Sources */ = {isa = PBXBuildFile; fileRef = 1502D771280D20E200219350 /* SwiftUITestApp.swift */; };
		1502D774280D20E200219350 /* ContentView.swift in Sources */ = {isa = PBXBuildFile; fileRef = 1502D773280D20E200219350 /* ContentView.swift */; };
		1502D776280D20E300219350 /* Assets.xcassets in Resources */ = {isa = PBXBuildFile; fileRef = 1502D775280D20E300219350 /* Assets.xcassets */; };
		1502D779280D20E300219350 /* Preview Assets.xcassets in Resources */ = {isa = PBXBuildFile; fileRef = 1502D778280D20E300219350 /* Preview Assets.xcassets */; };
		1502D783280D20E300219350 /* SwiftUITestTests.swift in Sources */ = {isa = PBXBuildFile; fileRef = 1502D782280D20E300219350 /* SwiftUITestTests.swift */; };
		1502D78D280D20E300219350 /* SwiftUITestUITests.swift in Sources */ = {isa = PBXBuildFile; fileRef = 1502D78C280D20E300219350 /* SwiftUITestUITests.swift */; };
		1502D78F280D20E300219350 /* SwiftUITestUITestsLaunchTests.swift in Sources */ = {isa = PBXBuildFile; fileRef = 1502D78E280D20E300219350 /* SwiftUITestUITestsLaunchTests.swift */; };
		1507C08D282B97E5001D38A5 /* MyClipShape.swift in Sources */ = {isa = PBXBuildFile; fileRef = 1507C08C282B97E5001D38A5 /* MyClipShape.swift */; };
		150F01612847A6D800CBA883 /* AuthViewModel.swift in Sources */ = {isa = PBXBuildFile; fileRef = 150F01602847A6D800CBA883 /* AuthViewModel.swift */; };
		1528E7A5282BDDFA002C4B74 /* MyPath.swift in Sources */ = {isa = PBXBuildFile; fileRef = 1528E7A4282BDDFA002C4B74 /* MyPath.swift */; };
		1530E1B028840F0600CE27A5 /* SheetForeachView.swift in Sources */ = {isa = PBXBuildFile; fileRef = 1530E1AF28840F0600CE27A5 /* SheetForeachView.swift */; };
		1533C46F283B648700CE6A1A /* MyPresentationMode.swift in Sources */ = {isa = PBXBuildFile; fileRef = 1533C46E283B648700CE6A1A /* MyPresentationMode.swift */; };
		15385325287EC68F008FF389 /* PropertyWrapperAndFunction.swift in Sources */ = {isa = PBXBuildFile; fileRef = 15385324287EC68F008FF389 /* PropertyWrapperAndFunction.swift */; };
		153FCB80282BDA67009E469A /* MyShape.swift in Sources */ = {isa = PBXBuildFile; fileRef = 153FCB7F282BDA67009E469A /* MyShape.swift */; };
		15487BB3281E4C0F0088EF5A /* MyAlertView.swift in Sources */ = {isa = PBXBuildFile; fileRef = 15487BB2281E4C0F0088EF5A /* MyAlertView.swift */; };
		15487BB5281E5E280088EF5A /* MyTextFileAlert.swift in Sources */ = {isa = PBXBuildFile; fileRef = 15487BB4281E5E280088EF5A /* MyTextFileAlert.swift */; };
		15508E35281F7A2300EDEB10 /* ListViewTester.swift in Sources */ = {isa = PBXBuildFile; fileRef = 15508E34281F7A2300EDEB10 /* ListViewTester.swift */; };
		1553C6B928235E6E00EA8615 /* MySection.swift in Sources */ = {isa = PBXBuildFile; fileRef = 1553C6B828235E6E00EA8615 /* MySection.swift */; };
		15739B3D2878820A004E0F30 /* TeslaView.swift in Sources */ = {isa = PBXBuildFile; fileRef = 15739B3C2878820A004E0F30 /* TeslaView.swift */; };
		1573B22D2839F90E0080965E /* TextEditorAndField.swift in Sources */ = {isa = PBXBuildFile; fileRef = 1573B22C2839F90E0080965E /* TextEditorAndField.swift */; };
		1573B2302839FF040080965E /* TextEditorPlaceholder.swift in Sources */ = {isa = PBXBuildFile; fileRef = 1573B22F2839FF040080965E /* TextEditorPlaceholder.swift */; };
		15799FC8287AB9E900387561 /* GridView.swift in Sources */ = {isa = PBXBuildFile; fileRef = 15799FC7287AB9E900387561 /* GridView.swift */; };
		1580E3C42843AB6700FB30A7 /* Kingfisher in Frameworks */ = {isa = PBXBuildFile; productRef = 1580E3C32843AB6700FB30A7 /* Kingfisher */; };
		1588FD162845D2EE003E7E0C /* KingFisherTester.swift in Sources */ = {isa = PBXBuildFile; fileRef = 1588FD152845D2EE003E7E0C /* KingFisherTester.swift */; };
		159A3F442866E0D400BF89FD /* TodoViewModel.swift in Sources */ = {isa = PBXBuildFile; fileRef = 159A3F432866E0D400BF89FD /* TodoViewModel.swift */; };
		159A3F472866E2B800BF89FD /* Alamofire in Frameworks */ = {isa = PBXBuildFile; productRef = 159A3F462866E2B800BF89FD /* Alamofire */; };
		159A3F4B2866F54600BF89FD /* Todo.swift in Sources */ = {isa = PBXBuildFile; fileRef = 159A3F4A2866F54600BF89FD /* Todo.swift */; };
		159F7836281E60D700293E83 /* MyTextFieldTester.swift in Sources */ = {isa = PBXBuildFile; fileRef = 159F7835281E60D700293E83 /* MyTextFieldTester.swift */; };
		15A0211A28682CCF0016ED2E /* MainViewTodoList.swift in Sources */ = {isa = PBXBuildFile; fileRef = 15A0211928682CCF0016ED2E /* MainViewTodoList.swift */; };
		15A0211C286832560016ED2E /* Post.swift in Sources */ = {isa = PBXBuildFile; fileRef = 15A0211B286832560016ED2E /* Post.swift */; };
		15A0211E286843C10016ED2E /* Customer.swift in Sources */ = {isa = PBXBuildFile; fileRef = 15A0211D286843C10016ED2E /* Customer.swift */; };
		15A3BC41286ACC98000375B0 /* Global.swift in Sources */ = {isa = PBXBuildFile; fileRef = 15A3BC40286ACC98000375B0 /* Global.swift */; };
		15AC010C282E31F40031CCE7 /* MyNavigationLink.swift in Sources */ = {isa = PBXBuildFile; fileRef = 15AC010B282E31F40031CCE7 /* MyNavigationLink.swift */; };
		15ADCBDD28485CBC009734C1 /* GoogleService-Info.plist in Resources */ = {isa = PBXBuildFile; fileRef = 15ADCBDC28485CBC009734C1 /* GoogleService-Info.plist */; };
		15ADCBE028485D25009734C1 /* FirebaseAuth in Frameworks */ = {isa = PBXBuildFile; productRef = 15ADCBDF28485D25009734C1 /* FirebaseAuth */; };
		15ADCBE228485D25009734C1 /* FirebaseDatabase in Frameworks */ = {isa = PBXBuildFile; productRef = 15ADCBE128485D25009734C1 /* FirebaseDatabase */; };
		15ADCBE428485D25009734C1 /* FirebaseFirestore in Frameworks */ = {isa = PBXBuildFile; productRef = 15ADCBE328485D25009734C1 /* FirebaseFirestore */; };
		15ADCBE628485D25009734C1 /* FirebaseStorage in Frameworks */ = {isa = PBXBuildFile; productRef = 15ADCBE528485D25009734C1 /* FirebaseStorage */; };
		15ADCBE928485DC2009734C1 /* AuthView .swift in Sources */ = {isa = PBXBuildFile; fileRef = 15ADCBE828485DC2009734C1 /* AuthView .swift */; };
		15BDC41E2881060700514EF1 /* JWTView.swift in Sources */ = {isa = PBXBuildFile; fileRef = 15BDC41D2881060700514EF1 /* JWTView.swift */; };
		15BDC42028810AB900514EF1 /* AuthModel.swift in Sources */ = {isa = PBXBuildFile; fileRef = 15BDC41F28810AB900514EF1 /* AuthModel.swift */; };
		15C07FEA287AEDEC005A02BC /* TeslaButton.swift in Sources */ = {isa = PBXBuildFile; fileRef = 15C07FE9287AEDEC005A02BC /* TeslaButton.swift */; };
		15C07FED287AEE2A005A02BC /* SFCircleImage.swift in Sources */ = {isa = PBXBuildFile; fileRef = 15C07FEC287AEE2A005A02BC /* SFCircleImage.swift */; };
		15C49143286B2C1A007EA72E /* Extension.swift in Sources */ = {isa = PBXBuildFile; fileRef = 15C49142286B2C1A007EA72E /* Extension.swift */; };
		15E3F4AD2875391600829A1C /* PagingViewMain.swift in Sources */ = {isa = PBXBuildFile; fileRef = 15E3F4AC2875391600829A1C /* PagingViewMain.swift */; };
		15E3F4AF2875393D00829A1C /* PagingTabView1.swift in Sources */ = {isa = PBXBuildFile; fileRef = 15E3F4AE2875393D00829A1C /* PagingTabView1.swift */; };
		15E3F4B12875396D00829A1C /* PagingTabView2.swift in Sources */ = {isa = PBXBuildFile; fileRef = 15E3F4B02875396D00829A1C /* PagingTabView2.swift */; };
		15EFC71B282A20F100F65F0D /* MySheetAndFullScreenCover.swift in Sources */ = {isa = PBXBuildFile; fileRef = 15EFC71A282A20F100F65F0D /* MySheetAndFullScreenCover.swift */; };
		15F45F25283F810F00EF9027 /* ImagePicker.swift in Sources */ = {isa = PBXBuildFile; fileRef = 15F45F24283F810F00EF9027 /* ImagePicker.swift */; };
		15F45F29283F815000EF9027 /* ImageViewTester.swift in Sources */ = {isa = PBXBuildFile; fileRef = 15F45F28283F815000EF9027 /* ImageViewTester.swift */; };
		15F56C0B286A03840085354E /* NavigationTest.swift in Sources */ = {isa = PBXBuildFile; fileRef = 15F56C0A286A03840085354E /* NavigationTest.swift */; };
		15F7E9F42873F81800B1019B /* CheckBoxMainView.swift in Sources */ = {isa = PBXBuildFile; fileRef = 15F7E9F32873F81800B1019B /* CheckBoxMainView.swift */; };
		15F7E9F62873FF7600B1019B /* CheckBoxMainView2.swift in Sources */ = {isa = PBXBuildFile; fileRef = 15F7E9F52873FF7600B1019B /* CheckBoxMainView2.swift */; };
		15F7E9F82874028C00B1019B /* CheckBoxViewModel .swift in Sources */ = {isa = PBXBuildFile; fileRef = 15F7E9F72874028C00B1019B /* CheckBoxViewModel .swift */; };
		15FAAC092873104700275FE0 /* PushNotificationView.swift in Sources */ = {isa = PBXBuildFile; fileRef = 15FAAC082873104700275FE0 /* PushNotificationView.swift */; };
		15FAAC0D2873118100275FE0 /* FirebaseAnalytics in Frameworks */ = {isa = PBXBuildFile; productRef = 15FAAC0C2873118100275FE0 /* FirebaseAnalytics */; };
		15FAAC0F2873118100275FE0 /* FirebaseMessaging in Frameworks */ = {isa = PBXBuildFile; productRef = 15FAAC0E2873118100275FE0 /* FirebaseMessaging */; };
		15FAAC12287320B600275FE0 /* MapkitView.swift in Sources */ = {isa = PBXBuildFile; fileRef = 15FAAC11287320B600275FE0 /* MapkitView.swift */; };
		15FAAC14287322C600275FE0 /* MapViewModel.swift in Sources */ = {isa = PBXBuildFile; fileRef = 15FAAC13287322C600275FE0 /* MapViewModel.swift */; };
/* End PBXBuildFile section */

/* Begin PBXContainerItemProxy section */
		1502D77F280D20E300219350 /* PBXContainerItemProxy */ = {
			isa = PBXContainerItemProxy;
			containerPortal = 1502D766280D20E200219350 /* Project object */;
			proxyType = 1;
			remoteGlobalIDString = 1502D76D280D20E200219350;
			remoteInfo = SwiftUITest;
		};
		1502D789280D20E300219350 /* PBXContainerItemProxy */ = {
			isa = PBXContainerItemProxy;
			containerPortal = 1502D766280D20E200219350 /* Project object */;
			proxyType = 1;
			remoteGlobalIDString = 1502D76D280D20E200219350;
			remoteInfo = SwiftUITest;
		};
/* End PBXContainerItemProxy section */

/* Begin PBXFileReference section */
		1502D76E280D20E200219350 /* SwiftUITest.app */ = {isa = PBXFileReference; explicitFileType = wrapper.application; includeInIndex = 0; path = SwiftUITest.app; sourceTree = BUILT_PRODUCTS_DIR; };
		1502D771280D20E200219350 /* SwiftUITestApp.swift */ = {isa = PBXFileReference; lastKnownFileType = sourcecode.swift; path = SwiftUITestApp.swift; sourceTree = "<group>"; };
		1502D773280D20E200219350 /* ContentView.swift */ = {isa = PBXFileReference; lastKnownFileType = sourcecode.swift; path = ContentView.swift; sourceTree = "<group>"; };
		1502D775280D20E300219350 /* Assets.xcassets */ = {isa = PBXFileReference; lastKnownFileType = folder.assetcatalog; path = Assets.xcassets; sourceTree = "<group>"; };
		1502D778280D20E300219350 /* Preview Assets.xcassets */ = {isa = PBXFileReference; lastKnownFileType = folder.assetcatalog; path = "Preview Assets.xcassets"; sourceTree = "<group>"; };
		1502D77E280D20E300219350 /* SwiftUITestTests.xctest */ = {isa = PBXFileReference; explicitFileType = wrapper.cfbundle; includeInIndex = 0; path = SwiftUITestTests.xctest; sourceTree = BUILT_PRODUCTS_DIR; };
		1502D782280D20E300219350 /* SwiftUITestTests.swift */ = {isa = PBXFileReference; lastKnownFileType = sourcecode.swift; path = SwiftUITestTests.swift; sourceTree = "<group>"; };
		1502D788280D20E300219350 /* SwiftUITestUITests.xctest */ = {isa = PBXFileReference; explicitFileType = wrapper.cfbundle; includeInIndex = 0; path = SwiftUITestUITests.xctest; sourceTree = BUILT_PRODUCTS_DIR; };
		1502D78C280D20E300219350 /* SwiftUITestUITests.swift */ = {isa = PBXFileReference; lastKnownFileType = sourcecode.swift; path = SwiftUITestUITests.swift; sourceTree = "<group>"; };
		1502D78E280D20E300219350 /* SwiftUITestUITestsLaunchTests.swift */ = {isa = PBXFileReference; lastKnownFileType = sourcecode.swift; path = SwiftUITestUITestsLaunchTests.swift; sourceTree = "<group>"; };
		1507C08C282B97E5001D38A5 /* MyClipShape.swift */ = {isa = PBXFileReference; lastKnownFileType = sourcecode.swift; path = MyClipShape.swift; sourceTree = "<group>"; };
		150F01602847A6D800CBA883 /* AuthViewModel.swift */ = {isa = PBXFileReference; lastKnownFileType = sourcecode.swift; path = AuthViewModel.swift; sourceTree = "<group>"; };
		1528E7A4282BDDFA002C4B74 /* MyPath.swift */ = {isa = PBXFileReference; lastKnownFileType = sourcecode.swift; path = MyPath.swift; sourceTree = "<group>"; };
		1530E1AF28840F0600CE27A5 /* SheetForeachView.swift */ = {isa = PBXFileReference; lastKnownFileType = sourcecode.swift; path = SheetForeachView.swift; sourceTree = "<group>"; };
		1533C46E283B648700CE6A1A /* MyPresentationMode.swift */ = {isa = PBXFileReference; lastKnownFileType = sourcecode.swift; path = MyPresentationMode.swift; sourceTree = "<group>"; };
		15385324287EC68F008FF389 /* PropertyWrapperAndFunction.swift */ = {isa = PBXFileReference; lastKnownFileType = sourcecode.swift; path = PropertyWrapperAndFunction.swift; sourceTree = "<group>"; };
		153FCB7F282BDA67009E469A /* MyShape.swift */ = {isa = PBXFileReference; lastKnownFileType = sourcecode.swift; path = MyShape.swift; sourceTree = "<group>"; };
		1542DB45287C3E010062CF9A /* Info.plist */ = {isa = PBXFileReference; lastKnownFileType = text.plist.xml; path = Info.plist; sourceTree = "<group>"; };
		1542DB46287C3E160062CF9A /* SwiftUITest.entitlements */ = {isa = PBXFileReference; lastKnownFileType = text.plist.entitlements; path = SwiftUITest.entitlements; sourceTree = "<group>"; };
		15487BB2281E4C0F0088EF5A /* MyAlertView.swift */ = {isa = PBXFileReference; lastKnownFileType = sourcecode.swift; path = MyAlertView.swift; sourceTree = "<group>"; };
		15487BB4281E5E280088EF5A /* MyTextFileAlert.swift */ = {isa = PBXFileReference; lastKnownFileType = sourcecode.swift; path = MyTextFileAlert.swift; sourceTree = "<group>"; };
		15508E34281F7A2300EDEB10 /* ListViewTester.swift */ = {isa = PBXFileReference; lastKnownFileType = sourcecode.swift; path = ListViewTester.swift; sourceTree = "<group>"; };
		1553C6B828235E6E00EA8615 /* MySection.swift */ = {isa = PBXFileReference; lastKnownFileType = sourcecode.swift; path = MySection.swift; sourceTree = "<group>"; };
		15739B3C2878820A004E0F30 /* TeslaView.swift */ = {isa = PBXFileReference; lastKnownFileType = sourcecode.swift; path = TeslaView.swift; sourceTree = "<group>"; };
		1573B22C2839F90E0080965E /* TextEditorAndField.swift */ = {isa = PBXFileReference; lastKnownFileType = sourcecode.swift; path = TextEditorAndField.swift; sourceTree = "<group>"; };
		1573B22F2839FF040080965E /* TextEditorPlaceholder.swift */ = {isa = PBXFileReference; lastKnownFileType = sourcecode.swift; path = TextEditorPlaceholder.swift; sourceTree = "<group>"; };
		15799FC7287AB9E900387561 /* GridView.swift */ = {isa = PBXFileReference; lastKnownFileType = sourcecode.swift; path = GridView.swift; sourceTree = "<group>"; };
		1588FD152845D2EE003E7E0C /* KingFisherTester.swift */ = {isa = PBXFileReference; lastKnownFileType = sourcecode.swift; path = KingFisherTester.swift; sourceTree = "<group>"; };
		159A3F432866E0D400BF89FD /* TodoViewModel.swift */ = {isa = PBXFileReference; lastKnownFileType = sourcecode.swift; path = TodoViewModel.swift; sourceTree = "<group>"; };
		159A3F4A2866F54600BF89FD /* Todo.swift */ = {isa = PBXFileReference; lastKnownFileType = sourcecode.swift; path = Todo.swift; sourceTree = "<group>"; };
		159F7835281E60D700293E83 /* MyTextFieldTester.swift */ = {isa = PBXFileReference; lastKnownFileType = sourcecode.swift; path = MyTextFieldTester.swift; sourceTree = "<group>"; };
		15A0211928682CCF0016ED2E /* MainViewTodoList.swift */ = {isa = PBXFileReference; lastKnownFileType = sourcecode.swift; path = MainViewTodoList.swift; sourceTree = "<group>"; };
		15A0211B286832560016ED2E /* Post.swift */ = {isa = PBXFileReference; lastKnownFileType = sourcecode.swift; path = Post.swift; sourceTree = "<group>"; };
		15A0211D286843C10016ED2E /* Customer.swift */ = {isa = PBXFileReference; lastKnownFileType = sourcecode.swift; path = Customer.swift; sourceTree = "<group>"; };
		15A3BC40286ACC98000375B0 /* Global.swift */ = {isa = PBXFileReference; lastKnownFileType = sourcecode.swift; path = Global.swift; sourceTree = "<group>"; };
		15AC010B282E31F40031CCE7 /* MyNavigationLink.swift */ = {isa = PBXFileReference; lastKnownFileType = sourcecode.swift; path = MyNavigationLink.swift; sourceTree = "<group>"; };
		15ADCBDC28485CBC009734C1 /* GoogleService-Info.plist */ = {isa = PBXFileReference; fileEncoding = 4; lastKnownFileType = text.plist.xml; path = "GoogleService-Info.plist"; sourceTree = "<group>"; };
		15ADCBE828485DC2009734C1 /* AuthView .swift */ = {isa = PBXFileReference; lastKnownFileType = sourcecode.swift; path = "AuthView .swift"; sourceTree = "<group>"; };
		15BDC41D2881060700514EF1 /* JWTView.swift */ = {isa = PBXFileReference; lastKnownFileType = sourcecode.swift; path = JWTView.swift; sourceTree = "<group>"; };
		15BDC41F28810AB900514EF1 /* AuthModel.swift */ = {isa = PBXFileReference; lastKnownFileType = sourcecode.swift; path = AuthModel.swift; sourceTree = "<group>"; };
		15C07FE9287AEDEC005A02BC /* TeslaButton.swift */ = {isa = PBXFileReference; lastKnownFileType = sourcecode.swift; path = TeslaButton.swift; sourceTree = "<group>"; };
		15C07FEC287AEE2A005A02BC /* SFCircleImage.swift */ = {isa = PBXFileReference; lastKnownFileType = sourcecode.swift; path = SFCircleImage.swift; sourceTree = "<group>"; };
		15C49142286B2C1A007EA72E /* Extension.swift */ = {isa = PBXFileReference; lastKnownFileType = sourcecode.swift; path = Extension.swift; sourceTree = "<group>"; };
		15E3F4AC2875391600829A1C /* PagingViewMain.swift */ = {isa = PBXFileReference; lastKnownFileType = sourcecode.swift; path = PagingViewMain.swift; sourceTree = "<group>"; };
		15E3F4AE2875393D00829A1C /* PagingTabView1.swift */ = {isa = PBXFileReference; lastKnownFileType = sourcecode.swift; path = PagingTabView1.swift; sourceTree = "<group>"; };
		15E3F4B02875396D00829A1C /* PagingTabView2.swift */ = {isa = PBXFileReference; lastKnownFileType = sourcecode.swift; path = PagingTabView2.swift; sourceTree = "<group>"; };
		15EFC71A282A20F100F65F0D /* MySheetAndFullScreenCover.swift */ = {isa = PBXFileReference; lastKnownFileType = sourcecode.swift; path = MySheetAndFullScreenCover.swift; sourceTree = "<group>"; };
		15F45F24283F810F00EF9027 /* ImagePicker.swift */ = {isa = PBXFileReference; lastKnownFileType = sourcecode.swift; path = ImagePicker.swift; sourceTree = "<group>"; };
		15F45F28283F815000EF9027 /* ImageViewTester.swift */ = {isa = PBXFileReference; lastKnownFileType = sourcecode.swift; path = ImageViewTester.swift; sourceTree = "<group>"; };
		15F56C0A286A03840085354E /* NavigationTest.swift */ = {isa = PBXFileReference; lastKnownFileType = sourcecode.swift; path = NavigationTest.swift; sourceTree = "<group>"; };
		15F7E9F32873F81800B1019B /* CheckBoxMainView.swift */ = {isa = PBXFileReference; lastKnownFileType = sourcecode.swift; path = CheckBoxMainView.swift; sourceTree = "<group>"; };
		15F7E9F52873FF7600B1019B /* CheckBoxMainView2.swift */ = {isa = PBXFileReference; lastKnownFileType = sourcecode.swift; path = CheckBoxMainView2.swift; sourceTree = "<group>"; };
		15F7E9F72874028C00B1019B /* CheckBoxViewModel .swift */ = {isa = PBXFileReference; lastKnownFileType = sourcecode.swift; path = "CheckBoxViewModel .swift"; sourceTree = "<group>"; };
		15FAAC082873104700275FE0 /* PushNotificationView.swift */ = {isa = PBXFileReference; lastKnownFileType = sourcecode.swift; path = PushNotificationView.swift; sourceTree = "<group>"; };
		15FAAC11287320B600275FE0 /* MapkitView.swift */ = {isa = PBXFileReference; lastKnownFileType = sourcecode.swift; path = MapkitView.swift; sourceTree = "<group>"; };
		15FAAC13287322C600275FE0 /* MapViewModel.swift */ = {isa = PBXFileReference; lastKnownFileType = sourcecode.swift; path = MapViewModel.swift; sourceTree = "<group>"; };
/* End PBXFileReference section */

/* Begin PBXFrameworksBuildPhase section */
		1502D76B280D20E200219350 /* Frameworks */ = {
			isa = PBXFrameworksBuildPhase;
			buildActionMask = 2147483647;
			files = (
				15FAAC0F2873118100275FE0 /* FirebaseMessaging in Frameworks */,
				15FAAC0D2873118100275FE0 /* FirebaseAnalytics in Frameworks */,
				15ADCBE228485D25009734C1 /* FirebaseDatabase in Frameworks */,
				15ADCBE428485D25009734C1 /* FirebaseFirestore in Frameworks */,
				1580E3C42843AB6700FB30A7 /* Kingfisher in Frameworks */,
				159A3F472866E2B800BF89FD /* Alamofire in Frameworks */,
				15ADCBE628485D25009734C1 /* FirebaseStorage in Frameworks */,
				15ADCBE028485D25009734C1 /* FirebaseAuth in Frameworks */,
			);
			runOnlyForDeploymentPostprocessing = 0;
		};
		1502D77B280D20E300219350 /* Frameworks */ = {
			isa = PBXFrameworksBuildPhase;
			buildActionMask = 2147483647;
			files = (
			);
			runOnlyForDeploymentPostprocessing = 0;
		};
		1502D785280D20E300219350 /* Frameworks */ = {
			isa = PBXFrameworksBuildPhase;
			buildActionMask = 2147483647;
			files = (
			);
			runOnlyForDeploymentPostprocessing = 0;
		};
/* End PBXFrameworksBuildPhase section */

/* Begin PBXGroup section */
		1502D765280D20E200219350 = {
			isa = PBXGroup;
			children = (
				1502D770280D20E200219350 /* SwiftUITest */,
				1502D781280D20E300219350 /* SwiftUITestTests */,
				1502D78B280D20E300219350 /* SwiftUITestUITests */,
				1502D76F280D20E200219350 /* Products */,
			);
			sourceTree = "<group>";
		};
		1502D76F280D20E200219350 /* Products */ = {
			isa = PBXGroup;
			children = (
				1502D76E280D20E200219350 /* SwiftUITest.app */,
				1502D77E280D20E300219350 /* SwiftUITestTests.xctest */,
				1502D788280D20E300219350 /* SwiftUITestUITests.xctest */,
			);
			name = Products;
			sourceTree = "<group>";
		};
		1502D770280D20E200219350 /* SwiftUITest */ = {
			isa = PBXGroup;
			children = (
				15385323287EC676008FF389 /* Data */,
				15C49141286B2BFB007EA72E /* Global */,
				15A3BC3B286ABC54000375B0 /* API */,
				15799FC6287AB9CB00387561 /* Grid */,
				153FCB7D282BDA23009E469A /* SimpleView */,
				15A3BC3C286ABC82000375B0 /* UIClone */,
				1502D771280D20E200219350 /* SwiftUITestApp.swift */,
				1502D773280D20E200219350 /* ContentView.swift */,
				1502D775280D20E300219350 /* Assets.xcassets */,
				1542DB46287C3E160062CF9A /* SwiftUITest.entitlements */,
				1542DB45287C3E010062CF9A /* Info.plist */,
				15ADCBDC28485CBC009734C1 /* GoogleService-Info.plist */,
				1502D777280D20E300219350 /* Preview Content */,
			);
			path = SwiftUITest;
			sourceTree = "<group>";
		};
		1502D777280D20E300219350 /* Preview Content */ = {
			isa = PBXGroup;
			children = (
				1502D778280D20E300219350 /* Preview Assets.xcassets */,
			);
			path = "Preview Content";
			sourceTree = "<group>";
		};
		1502D781280D20E300219350 /* SwiftUITestTests */ = {
			isa = PBXGroup;
			children = (
				1502D782280D20E300219350 /* SwiftUITestTests.swift */,
			);
			path = SwiftUITestTests;
			sourceTree = "<group>";
		};
		1502D78B280D20E300219350 /* SwiftUITestUITests */ = {
			isa = PBXGroup;
			children = (
				1502D78C280D20E300219350 /* SwiftUITestUITests.swift */,
				1502D78E280D20E300219350 /* SwiftUITestUITestsLaunchTests.swift */,
			);
			path = SwiftUITestUITests;
			sourceTree = "<group>";
		};
		150F015F2847A66E00CBA883 /* Firebase */ = {
			isa = PBXGroup;
			children = (
				15FAAC0A2873108600275FE0 /* Auth */,
				15FAAC0728730FC900275FE0 /* PushNotification */,
			);
			path = Firebase;
			sourceTree = "<group>";
		};
		15385322287EC657008FF389 /* Others */ = {
			isa = PBXGroup;
			children = (
			);
			path = Others;
			sourceTree = "<group>";
		};
		15385323287EC676008FF389 /* Data */ = {
			isa = PBXGroup;
			children = (
				15385324287EC68F008FF389 /* PropertyWrapperAndFunction.swift */,
			);
			path = Data;
			sourceTree = "<group>";
		};
		153FCB7D282BDA23009E469A /* SimpleView */ = {
			isa = PBXGroup;
			children = (
				15385322287EC657008FF389 /* Others */,
				15E3F4AB2875390700829A1C /* TabViewPaging */,
				153FCB7E282BDA33009E469A /* Protocol */,
				15EFC717282A20CD00F65F0D /* Modifier */,
				15F56C09286A03650085354E /* Navigation */,
				1573B22E2839FEF10080965E /* Text */,
				15487BAF281E4BE80088EF5A /* AlertView */,
				15508E33281F7A1600EDEB10 /* ListView */,
				1553C6B728235E5C00EA8615 /* Section */,
				1528E7A4282BDDFA002C4B74 /* MyPath.swift */,
				15AC010B282E31F40031CCE7 /* MyNavigationLink.swift */,
				1533C46E283B648700CE6A1A /* MyPresentationMode.swift */,
			);
			path = SimpleView;
			sourceTree = "<group>";
		};
		153FCB7E282BDA33009E469A /* Protocol */ = {
			isa = PBXGroup;
			children = (
				153FCB7F282BDA67009E469A /* MyShape.swift */,
			);
			path = Protocol;
			sourceTree = "<group>";
		};
		15487BAF281E4BE80088EF5A /* AlertView */ = {
			isa = PBXGroup;
			children = (
				15487BB2281E4C0F0088EF5A /* MyAlertView.swift */,
				15487BB4281E5E280088EF5A /* MyTextFileAlert.swift */,
				159F7835281E60D700293E83 /* MyTextFieldTester.swift */,
			);
			path = AlertView;
			sourceTree = "<group>";
		};
		15508E33281F7A1600EDEB10 /* ListView */ = {
			isa = PBXGroup;
			children = (
				15F7E9F22873F80700B1019B /* CheckBox */,
				15508E34281F7A2300EDEB10 /* ListViewTester.swift */,
			);
			path = ListView;
			sourceTree = "<group>";
		};
		1553C6B728235E5C00EA8615 /* Section */ = {
			isa = PBXGroup;
			children = (
				1553C6B828235E6E00EA8615 /* MySection.swift */,
			);
			path = Section;
			sourceTree = "<group>";
		};
		15739B3E2878893E004E0F30 /* Tesla */ = {
			isa = PBXGroup;
			children = (
				15739B3C2878820A004E0F30 /* TeslaView.swift */,
				15C07FE9287AEDEC005A02BC /* TeslaButton.swift */,
			);
			path = Tesla;
			sourceTree = "<group>";
		};
		1573B22E2839FEF10080965E /* Text */ = {
			isa = PBXGroup;
			children = (
				1573B22C2839F90E0080965E /* TextEditorAndField.swift */,
				1573B22F2839FF040080965E /* TextEditorPlaceholder.swift */,
			);
			path = Text;
			sourceTree = "<group>";
		};
		15799FC6287AB9CB00387561 /* Grid */ = {
			isa = PBXGroup;
			children = (
				15799FC7287AB9E900387561 /* GridView.swift */,
			);
			path = Grid;
			sourceTree = "<group>";
		};
		159A3F482866F51700BF89FD /* Alamofire */ = {
			isa = PBXGroup;
			children = (
				159A3F432866E0D400BF89FD /* TodoViewModel.swift */,
				159A3F4A2866F54600BF89FD /* Todo.swift */,
				15A0211928682CCF0016ED2E /* MainViewTodoList.swift */,
				15A0211B286832560016ED2E /* Post.swift */,
				15A0211D286843C10016ED2E /* Customer.swift */,
			);
			path = Alamofire;
			sourceTree = "<group>";
		};
		15A3BC3B286ABC54000375B0 /* API */ = {
			isa = PBXGroup;
			children = (
				15BDC41C288105FB00514EF1 /* JWT */,
				15FAAC1028731F6100275FE0 /* Mapkit & CoreLocation */,
				159A3F482866F51700BF89FD /* Alamofire */,
				15F45F27283F814100EF9027 /* Kingfisher */,
				150F015F2847A66E00CBA883 /* Firebase */,
			);
			path = API;
			sourceTree = "<group>";
		};
		15A3BC3C286ABC82000375B0 /* UIClone */ = {
			isa = PBXGroup;
			children = (
				15739B3E2878893E004E0F30 /* Tesla */,
			);
			path = UIClone;
			sourceTree = "<group>";
		};
		15BDC41C288105FB00514EF1 /* JWT */ = {
			isa = PBXGroup;
			children = (
				15BDC41D2881060700514EF1 /* JWTView.swift */,
				15BDC41F28810AB900514EF1 /* AuthModel.swift */,
			);
			path = JWT;
			sourceTree = "<group>";
		};
		15C07FEB287AEE18005A02BC /* View */ = {
			isa = PBXGroup;
			children = (
				15C07FEC287AEE2A005A02BC /* SFCircleImage.swift */,
			);
			path = View;
			sourceTree = "<group>";
		};
		15C49141286B2BFB007EA72E /* Global */ = {
			isa = PBXGroup;
			children = (
				15C07FEB287AEE18005A02BC /* View */,
				15A3BC40286ACC98000375B0 /* Global.swift */,
				15C49142286B2C1A007EA72E /* Extension.swift */,
			);
			path = Global;
			sourceTree = "<group>";
		};
		15E3F4AB2875390700829A1C /* TabViewPaging */ = {
			isa = PBXGroup;
			children = (
				15E3F4AC2875391600829A1C /* PagingViewMain.swift */,
				15E3F4AE2875393D00829A1C /* PagingTabView1.swift */,
				15E3F4B02875396D00829A1C /* PagingTabView2.swift */,
			);
			path = TabViewPaging;
			sourceTree = "<group>";
		};
		15EFC717282A20CD00F65F0D /* Modifier */ = {
			isa = PBXGroup;
			children = (
				15EFC71A282A20F100F65F0D /* MySheetAndFullScreenCover.swift */,
				1507C08C282B97E5001D38A5 /* MyClipShape.swift */,
				1530E1AF28840F0600CE27A5 /* SheetForeachView.swift */,
			);
			path = Modifier;
			sourceTree = "<group>";
		};
		15F45F27283F814100EF9027 /* Kingfisher */ = {
			isa = PBXGroup;
			children = (
				15F45F24283F810F00EF9027 /* ImagePicker.swift */,
				15F45F28283F815000EF9027 /* ImageViewTester.swift */,
				1588FD152845D2EE003E7E0C /* KingFisherTester.swift */,
			);
			path = Kingfisher;
			sourceTree = "<group>";
		};
		15F56C09286A03650085354E /* Navigation */ = {
			isa = PBXGroup;
			children = (
				15F56C0A286A03840085354E /* NavigationTest.swift */,
			);
			path = Navigation;
			sourceTree = "<group>";
		};
		15F7E9F22873F80700B1019B /* CheckBox */ = {
			isa = PBXGroup;
			children = (
				15F7E9F32873F81800B1019B /* CheckBoxMainView.swift */,
				15F7E9F52873FF7600B1019B /* CheckBoxMainView2.swift */,
				15F7E9F72874028C00B1019B /* CheckBoxViewModel .swift */,
			);
			path = CheckBox;
			sourceTree = "<group>";
		};
		15FAAC0728730FC900275FE0 /* PushNotification */ = {
			isa = PBXGroup;
			children = (
				15FAAC082873104700275FE0 /* PushNotificationView.swift */,
			);
			path = PushNotification;
			sourceTree = "<group>";
		};
		15FAAC0A2873108600275FE0 /* Auth */ = {
			isa = PBXGroup;
			children = (
				15ADCBE828485DC2009734C1 /* AuthView .swift */,
				150F01602847A6D800CBA883 /* AuthViewModel.swift */,
			);
			path = Auth;
			sourceTree = "<group>";
		};
		15FAAC1028731F6100275FE0 /* Mapkit & CoreLocation */ = {
			isa = PBXGroup;
			children = (
				15FAAC11287320B600275FE0 /* MapkitView.swift */,
				15FAAC13287322C600275FE0 /* MapViewModel.swift */,
			);
			path = "Mapkit & CoreLocation";
			sourceTree = "<group>";
		};
/* End PBXGroup section */

/* Begin PBXNativeTarget section */
		1502D76D280D20E200219350 /* SwiftUITest */ = {
			isa = PBXNativeTarget;
			buildConfigurationList = 1502D792280D20E300219350 /* Build configuration list for PBXNativeTarget "SwiftUITest" */;
			buildPhases = (
				1502D76A280D20E200219350 /* Sources */,
				1502D76B280D20E200219350 /* Frameworks */,
				1502D76C280D20E200219350 /* Resources */,
			);
			buildRules = (
			);
			dependencies = (
			);
			name = SwiftUITest;
			packageProductDependencies = (
				1580E3C32843AB6700FB30A7 /* Kingfisher */,
				15ADCBDF28485D25009734C1 /* FirebaseAuth */,
				15ADCBE128485D25009734C1 /* FirebaseDatabase */,
				15ADCBE328485D25009734C1 /* FirebaseFirestore */,
				15ADCBE528485D25009734C1 /* FirebaseStorage */,
				159A3F462866E2B800BF89FD /* Alamofire */,
				15FAAC0C2873118100275FE0 /* FirebaseAnalytics */,
				15FAAC0E2873118100275FE0 /* FirebaseMessaging */,
			);
			productName = SwiftUITest;
			productReference = 1502D76E280D20E200219350 /* SwiftUITest.app */;
			productType = "com.apple.product-type.application";
		};
		1502D77D280D20E300219350 /* SwiftUITestTests */ = {
			isa = PBXNativeTarget;
			buildConfigurationList = 1502D795280D20E300219350 /* Build configuration list for PBXNativeTarget "SwiftUITestTests" */;
			buildPhases = (
				1502D77A280D20E300219350 /* Sources */,
				1502D77B280D20E300219350 /* Frameworks */,
				1502D77C280D20E300219350 /* Resources */,
			);
			buildRules = (
			);
			dependencies = (
				1502D780280D20E300219350 /* PBXTargetDependency */,
			);
			name = SwiftUITestTests;
			productName = SwiftUITestTests;
			productReference = 1502D77E280D20E300219350 /* SwiftUITestTests.xctest */;
			productType = "com.apple.product-type.bundle.unit-test";
		};
		1502D787280D20E300219350 /* SwiftUITestUITests */ = {
			isa = PBXNativeTarget;
			buildConfigurationList = 1502D798280D20E300219350 /* Build configuration list for PBXNativeTarget "SwiftUITestUITests" */;
			buildPhases = (
				1502D784280D20E300219350 /* Sources */,
				1502D785280D20E300219350 /* Frameworks */,
				1502D786280D20E300219350 /* Resources */,
			);
			buildRules = (
			);
			dependencies = (
				1502D78A280D20E300219350 /* PBXTargetDependency */,
			);
			name = SwiftUITestUITests;
			productName = SwiftUITestUITests;
			productReference = 1502D788280D20E300219350 /* SwiftUITestUITests.xctest */;
			productType = "com.apple.product-type.bundle.ui-testing";
		};
/* End PBXNativeTarget section */

/* Begin PBXProject section */
		1502D766280D20E200219350 /* Project object */ = {
			isa = PBXProject;
			attributes = {
				BuildIndependentTargetsInParallel = 1;
				LastSwiftUpdateCheck = 1330;
				LastUpgradeCheck = 1330;
				TargetAttributes = {
					1502D76D280D20E200219350 = {
						CreatedOnToolsVersion = 13.3;
					};
					1502D77D280D20E300219350 = {
						CreatedOnToolsVersion = 13.3;
						TestTargetID = 1502D76D280D20E200219350;
					};
					1502D787280D20E300219350 = {
						CreatedOnToolsVersion = 13.3;
						TestTargetID = 1502D76D280D20E200219350;
					};
				};
			};
			buildConfigurationList = 1502D769280D20E200219350 /* Build configuration list for PBXProject "SwiftUITest" */;
			compatibilityVersion = "Xcode 13.0";
			developmentRegion = en;
			hasScannedForEncodings = 0;
			knownRegions = (
				en,
				Base,
			);
			mainGroup = 1502D765280D20E200219350;
			packageReferences = (
				1580E3C22843AB6700FB30A7 /* XCRemoteSwiftPackageReference "Kingfisher" */,
				15ADCBDE28485D25009734C1 /* XCRemoteSwiftPackageReference "firebase-ios-sdk" */,
				159A3F452866E2B800BF89FD /* XCRemoteSwiftPackageReference "Alamofire" */,
				15FAAC0B2873118100275FE0 /* XCRemoteSwiftPackageReference "firebase-ios-sdk" */,
			);
			productRefGroup = 1502D76F280D20E200219350 /* Products */;
			projectDirPath = "";
			projectRoot = "";
			targets = (
				1502D76D280D20E200219350 /* SwiftUITest */,
				1502D77D280D20E300219350 /* SwiftUITestTests */,
				1502D787280D20E300219350 /* SwiftUITestUITests */,
			);
		};
/* End PBXProject section */

/* Begin PBXResourcesBuildPhase section */
		1502D76C280D20E200219350 /* Resources */ = {
			isa = PBXResourcesBuildPhase;
			buildActionMask = 2147483647;
			files = (
				1502D779280D20E300219350 /* Preview Assets.xcassets in Resources */,
				1502D776280D20E300219350 /* Assets.xcassets in Resources */,
				15ADCBDD28485CBC009734C1 /* GoogleService-Info.plist in Resources */,
			);
			runOnlyForDeploymentPostprocessing = 0;
		};
		1502D77C280D20E300219350 /* Resources */ = {
			isa = PBXResourcesBuildPhase;
			buildActionMask = 2147483647;
			files = (
			);
			runOnlyForDeploymentPostprocessing = 0;
		};
		1502D786280D20E300219350 /* Resources */ = {
			isa = PBXResourcesBuildPhase;
			buildActionMask = 2147483647;
			files = (
			);
			runOnlyForDeploymentPostprocessing = 0;
		};
/* End PBXResourcesBuildPhase section */

/* Begin PBXSourcesBuildPhase section */
		1502D76A280D20E200219350 /* Sources */ = {
			isa = PBXSourcesBuildPhase;
			buildActionMask = 2147483647;
			files = (
				15FAAC14287322C600275FE0 /* MapViewModel.swift in Sources */,
				15F45F29283F815000EF9027 /* ImageViewTester.swift in Sources */,
				15FAAC092873104700275FE0 /* PushNotificationView.swift in Sources */,
				1553C6B928235E6E00EA8615 /* MySection.swift in Sources */,
				15E3F4AF2875393D00829A1C /* PagingTabView1.swift in Sources */,
				15E3F4AD2875391600829A1C /* PagingViewMain.swift in Sources */,
				159F7836281E60D700293E83 /* MyTextFieldTester.swift in Sources */,
				15A0211E286843C10016ED2E /* Customer.swift in Sources */,
				15F7E9F82874028C00B1019B /* CheckBoxViewModel .swift in Sources */,
				150F01612847A6D800CBA883 /* AuthViewModel.swift in Sources */,
				15A3BC41286ACC98000375B0 /* Global.swift in Sources */,
				15C49143286B2C1A007EA72E /* Extension.swift in Sources */,
				15508E35281F7A2300EDEB10 /* ListViewTester.swift in Sources */,
				1573B2302839FF040080965E /* TextEditorPlaceholder.swift in Sources */,
				15487BB3281E4C0F0088EF5A /* MyAlertView.swift in Sources */,
				15A0211A28682CCF0016ED2E /* MainViewTodoList.swift in Sources */,
				15799FC8287AB9E900387561 /* GridView.swift in Sources */,
				15C07FEA287AEDEC005A02BC /* TeslaButton.swift in Sources */,
				15FAAC12287320B600275FE0 /* MapkitView.swift in Sources */,
				1502D774280D20E200219350 /* ContentView.swift in Sources */,
				15F7E9F42873F81800B1019B /* CheckBoxMainView.swift in Sources */,
				15ADCBE928485DC2009734C1 /* AuthView .swift in Sources */,
				1530E1B028840F0600CE27A5 /* SheetForeachView.swift in Sources */,
				15E3F4B12875396D00829A1C /* PagingTabView2.swift in Sources */,
				159A3F4B2866F54600BF89FD /* Todo.swift in Sources */,
				1533C46F283B648700CE6A1A /* MyPresentationMode.swift in Sources */,
				15AC010C282E31F40031CCE7 /* MyNavigationLink.swift in Sources */,
				159A3F442866E0D400BF89FD /* TodoViewModel.swift in Sources */,
				1502D772280D20E200219350 /* SwiftUITestApp.swift in Sources */,
				15487BB5281E5E280088EF5A /* MyTextFileAlert.swift in Sources */,
				1507C08D282B97E5001D38A5 /* MyClipShape.swift in Sources */,
				15739B3D2878820A004E0F30 /* TeslaView.swift in Sources */,
				15A0211C286832560016ED2E /* Post.swift in Sources */,
				1588FD162845D2EE003E7E0C /* KingFisherTester.swift in Sources */,
				1528E7A5282BDDFA002C4B74 /* MyPath.swift in Sources */,
				15F56C0B286A03840085354E /* NavigationTest.swift in Sources */,
				15EFC71B282A20F100F65F0D /* MySheetAndFullScreenCover.swift in Sources */,
				15385325287EC68F008FF389 /* PropertyWrapperAndFunction.swift in Sources */,
				15F45F25283F810F00EF9027 /* ImagePicker.swift in Sources */,
				15C07FED287AEE2A005A02BC /* SFCircleImage.swift in Sources */,
				15BDC42028810AB900514EF1 /* AuthModel.swift in Sources */,
				15BDC41E2881060700514EF1 /* JWTView.swift in Sources */,
				153FCB80282BDA67009E469A /* MyShape.swift in Sources */,
				1573B22D2839F90E0080965E /* TextEditorAndField.swift in Sources */,
				15F7E9F62873FF7600B1019B /* CheckBoxMainView2.swift in Sources */,
			);
			runOnlyForDeploymentPostprocessing = 0;
		};
		1502D77A280D20E300219350 /* Sources */ = {
			isa = PBXSourcesBuildPhase;
			buildActionMask = 2147483647;
			files = (
				1502D783280D20E300219350 /* SwiftUITestTests.swift in Sources */,
			);
			runOnlyForDeploymentPostprocessing = 0;
		};
		1502D784280D20E300219350 /* Sources */ = {
			isa = PBXSourcesBuildPhase;
			buildActionMask = 2147483647;
			files = (
				1502D78F280D20E300219350 /* SwiftUITestUITestsLaunchTests.swift in Sources */,
				1502D78D280D20E300219350 /* SwiftUITestUITests.swift in Sources */,
			);
			runOnlyForDeploymentPostprocessing = 0;
		};
/* End PBXSourcesBuildPhase section */

/* Begin PBXTargetDependency section */
		1502D780280D20E300219350 /* PBXTargetDependency */ = {
			isa = PBXTargetDependency;
			target = 1502D76D280D20E200219350 /* SwiftUITest */;
			targetProxy = 1502D77F280D20E300219350 /* PBXContainerItemProxy */;
		};
		1502D78A280D20E300219350 /* PBXTargetDependency */ = {
			isa = PBXTargetDependency;
			target = 1502D76D280D20E200219350 /* SwiftUITest */;
			targetProxy = 1502D789280D20E300219350 /* PBXContainerItemProxy */;
		};
/* End PBXTargetDependency section */

/* Begin XCBuildConfiguration section */
		1502D790280D20E300219350 /* Debug */ = {
			isa = XCBuildConfiguration;
			buildSettings = {
				ALWAYS_SEARCH_USER_PATHS = NO;
				CLANG_ANALYZER_NONNULL = YES;
				CLANG_ANALYZER_NUMBER_OBJECT_CONVERSION = YES_AGGRESSIVE;
				CLANG_CXX_LANGUAGE_STANDARD = "gnu++17";
				CLANG_ENABLE_MODULES = YES;
				CLANG_ENABLE_OBJC_ARC = YES;
				CLANG_ENABLE_OBJC_WEAK = YES;
				CLANG_WARN_BLOCK_CAPTURE_AUTORELEASING = YES;
				CLANG_WARN_BOOL_CONVERSION = YES;
				CLANG_WARN_COMMA = YES;
				CLANG_WARN_CONSTANT_CONVERSION = YES;
				CLANG_WARN_DEPRECATED_OBJC_IMPLEMENTATIONS = YES;
				CLANG_WARN_DIRECT_OBJC_ISA_USAGE = YES_ERROR;
				CLANG_WARN_DOCUMENTATION_COMMENTS = YES;
				CLANG_WARN_EMPTY_BODY = YES;
				CLANG_WARN_ENUM_CONVERSION = YES;
				CLANG_WARN_INFINITE_RECURSION = YES;
				CLANG_WARN_INT_CONVERSION = YES;
				CLANG_WARN_NON_LITERAL_NULL_CONVERSION = YES;
				CLANG_WARN_OBJC_IMPLICIT_RETAIN_SELF = YES;
				CLANG_WARN_OBJC_LITERAL_CONVERSION = YES;
				CLANG_WARN_OBJC_ROOT_CLASS = YES_ERROR;
				CLANG_WARN_QUOTED_INCLUDE_IN_FRAMEWORK_HEADER = YES;
				CLANG_WARN_RANGE_LOOP_ANALYSIS = YES;
				CLANG_WARN_STRICT_PROTOTYPES = YES;
				CLANG_WARN_SUSPICIOUS_MOVE = YES;
				CLANG_WARN_UNGUARDED_AVAILABILITY = YES_AGGRESSIVE;
				CLANG_WARN_UNREACHABLE_CODE = YES;
				CLANG_WARN__DUPLICATE_METHOD_MATCH = YES;
				COPY_PHASE_STRIP = NO;
				DEBUG_INFORMATION_FORMAT = dwarf;
				ENABLE_STRICT_OBJC_MSGSEND = YES;
				ENABLE_TESTABILITY = YES;
				GCC_C_LANGUAGE_STANDARD = gnu11;
				GCC_DYNAMIC_NO_PIC = NO;
				GCC_NO_COMMON_BLOCKS = YES;
				GCC_OPTIMIZATION_LEVEL = 0;
				GCC_PREPROCESSOR_DEFINITIONS = (
					"DEBUG=1",
					"$(inherited)",
				);
				GCC_WARN_64_TO_32_BIT_CONVERSION = YES;
				GCC_WARN_ABOUT_RETURN_TYPE = YES_ERROR;
				GCC_WARN_UNDECLARED_SELECTOR = YES;
				GCC_WARN_UNINITIALIZED_AUTOS = YES_AGGRESSIVE;
				GCC_WARN_UNUSED_FUNCTION = YES;
				GCC_WARN_UNUSED_VARIABLE = YES;
				IPHONEOS_DEPLOYMENT_TARGET = 15.4;
				MTL_ENABLE_DEBUG_INFO = INCLUDE_SOURCE;
				MTL_FAST_MATH = YES;
				ONLY_ACTIVE_ARCH = YES;
				SDKROOT = iphoneos;
				SWIFT_ACTIVE_COMPILATION_CONDITIONS = DEBUG;
				SWIFT_OPTIMIZATION_LEVEL = "-Onone";
			};
			name = Debug;
		};
		1502D791280D20E300219350 /* Release */ = {
			isa = XCBuildConfiguration;
			buildSettings = {
				ALWAYS_SEARCH_USER_PATHS = NO;
				CLANG_ANALYZER_NONNULL = YES;
				CLANG_ANALYZER_NUMBER_OBJECT_CONVERSION = YES_AGGRESSIVE;
				CLANG_CXX_LANGUAGE_STANDARD = "gnu++17";
				CLANG_ENABLE_MODULES = YES;
				CLANG_ENABLE_OBJC_ARC = YES;
				CLANG_ENABLE_OBJC_WEAK = YES;
				CLANG_WARN_BLOCK_CAPTURE_AUTORELEASING = YES;
				CLANG_WARN_BOOL_CONVERSION = YES;
				CLANG_WARN_COMMA = YES;
				CLANG_WARN_CONSTANT_CONVERSION = YES;
				CLANG_WARN_DEPRECATED_OBJC_IMPLEMENTATIONS = YES;
				CLANG_WARN_DIRECT_OBJC_ISA_USAGE = YES_ERROR;
				CLANG_WARN_DOCUMENTATION_COMMENTS = YES;
				CLANG_WARN_EMPTY_BODY = YES;
				CLANG_WARN_ENUM_CONVERSION = YES;
				CLANG_WARN_INFINITE_RECURSION = YES;
				CLANG_WARN_INT_CONVERSION = YES;
				CLANG_WARN_NON_LITERAL_NULL_CONVERSION = YES;
				CLANG_WARN_OBJC_IMPLICIT_RETAIN_SELF = YES;
				CLANG_WARN_OBJC_LITERAL_CONVERSION = YES;
				CLANG_WARN_OBJC_ROOT_CLASS = YES_ERROR;
				CLANG_WARN_QUOTED_INCLUDE_IN_FRAMEWORK_HEADER = YES;
				CLANG_WARN_RANGE_LOOP_ANALYSIS = YES;
				CLANG_WARN_STRICT_PROTOTYPES = YES;
				CLANG_WARN_SUSPICIOUS_MOVE = YES;
				CLANG_WARN_UNGUARDED_AVAILABILITY = YES_AGGRESSIVE;
				CLANG_WARN_UNREACHABLE_CODE = YES;
				CLANG_WARN__DUPLICATE_METHOD_MATCH = YES;
				COPY_PHASE_STRIP = NO;
				DEBUG_INFORMATION_FORMAT = "dwarf-with-dsym";
				ENABLE_NS_ASSERTIONS = NO;
				ENABLE_STRICT_OBJC_MSGSEND = YES;
				GCC_C_LANGUAGE_STANDARD = gnu11;
				GCC_NO_COMMON_BLOCKS = YES;
				GCC_WARN_64_TO_32_BIT_CONVERSION = YES;
				GCC_WARN_ABOUT_RETURN_TYPE = YES_ERROR;
				GCC_WARN_UNDECLARED_SELECTOR = YES;
				GCC_WARN_UNINITIALIZED_AUTOS = YES_AGGRESSIVE;
				GCC_WARN_UNUSED_FUNCTION = YES;
				GCC_WARN_UNUSED_VARIABLE = YES;
				IPHONEOS_DEPLOYMENT_TARGET = 15.4;
				MTL_ENABLE_DEBUG_INFO = NO;
				MTL_FAST_MATH = YES;
				SDKROOT = iphoneos;
				SWIFT_COMPILATION_MODE = wholemodule;
				SWIFT_OPTIMIZATION_LEVEL = "-O";
				VALIDATE_PRODUCT = YES;
			};
			name = Release;
		};
		1502D793280D20E300219350 /* Debug */ = {
			isa = XCBuildConfiguration;
			buildSettings = {
				ASSETCATALOG_COMPILER_APPICON_NAME = AppIcon;
				ASSETCATALOG_COMPILER_GLOBAL_ACCENT_COLOR_NAME = AccentColor;
				CODE_SIGN_ENTITLEMENTS = SwiftUITest/SwiftUITest.entitlements;
				CODE_SIGN_STYLE = Automatic;
				CURRENT_PROJECT_VERSION = 1;
				DEVELOPMENT_ASSET_PATHS = "\"SwiftUITest/Preview Content\"";
				DEVELOPMENT_TEAM = MAU8HFALP8;
				ENABLE_PREVIEWS = YES;
				GENERATE_INFOPLIST_FILE = YES;
				INFOPLIST_FILE = SwiftUITest/Info.plist;
				INFOPLIST_KEY_NSLocationWhenInUseUsageDescription = "This app needs your location to show it on the map. ";
				INFOPLIST_KEY_UIApplicationSceneManifest_Generation = YES;
				INFOPLIST_KEY_UIApplicationSupportsIndirectInputEvents = YES;
				INFOPLIST_KEY_UILaunchScreen_Generation = YES;
				INFOPLIST_KEY_UISupportedInterfaceOrientations_iPad = "UIInterfaceOrientationPortrait UIInterfaceOrientationPortraitUpsideDown UIInterfaceOrientationLandscapeLeft UIInterfaceOrientationLandscapeRight";
				INFOPLIST_KEY_UISupportedInterfaceOrientations_iPhone = "UIInterfaceOrientationPortrait UIInterfaceOrientationLandscapeLeft UIInterfaceOrientationLandscapeRight";
				LD_RUNPATH_SEARCH_PATHS = (
					"$(inherited)",
					"@executable_path/Frameworks",
				);
				MARKETING_VERSION = 1.0;
				PRODUCT_BUNDLE_IDENTIFIER = com.page.SwiftUITest;
				PRODUCT_NAME = "$(TARGET_NAME)";
				SWIFT_EMIT_LOC_STRINGS = YES;
				SWIFT_VERSION = 5.0;
				TARGETED_DEVICE_FAMILY = "1,2";
			};
			name = Debug;
		};
		1502D794280D20E300219350 /* Release */ = {
			isa = XCBuildConfiguration;
			buildSettings = {
				ASSETCATALOG_COMPILER_APPICON_NAME = AppIcon;
				ASSETCATALOG_COMPILER_GLOBAL_ACCENT_COLOR_NAME = AccentColor;
				CODE_SIGN_ENTITLEMENTS = SwiftUITest/SwiftUITest.entitlements;
				CODE_SIGN_STYLE = Automatic;
				CURRENT_PROJECT_VERSION = 1;
				DEVELOPMENT_ASSET_PATHS = "\"SwiftUITest/Preview Content\"";
				DEVELOPMENT_TEAM = MAU8HFALP8;
				ENABLE_PREVIEWS = YES;
				GENERATE_INFOPLIST_FILE = YES;
				INFOPLIST_FILE = SwiftUITest/Info.plist;
				INFOPLIST_KEY_NSLocationWhenInUseUsageDescription = "This app needs your location to show it on the map. ";
				INFOPLIST_KEY_UIApplicationSceneManifest_Generation = YES;
				INFOPLIST_KEY_UIApplicationSupportsIndirectInputEvents = YES;
				INFOPLIST_KEY_UILaunchScreen_Generation = YES;
				INFOPLIST_KEY_UISupportedInterfaceOrientations_iPad = "UIInterfaceOrientationPortrait UIInterfaceOrientationPortraitUpsideDown UIInterfaceOrientationLandscapeLeft UIInterfaceOrientationLandscapeRight";
				INFOPLIST_KEY_UISupportedInterfaceOrientations_iPhone = "UIInterfaceOrientationPortrait UIInterfaceOrientationLandscapeLeft UIInterfaceOrientationLandscapeRight";
				LD_RUNPATH_SEARCH_PATHS = (
					"$(inherited)",
					"@executable_path/Frameworks",
				);
				MARKETING_VERSION = 1.0;
				PRODUCT_BUNDLE_IDENTIFIER = com.page.SwiftUITest;
				PRODUCT_NAME = "$(TARGET_NAME)";
				SWIFT_EMIT_LOC_STRINGS = YES;
				SWIFT_VERSION = 5.0;
				TARGETED_DEVICE_FAMILY = "1,2";
			};
			name = Release;
		};
		1502D796280D20E300219350 /* Debug */ = {
			isa = XCBuildConfiguration;
			buildSettings = {
				ALWAYS_EMBED_SWIFT_STANDARD_LIBRARIES = YES;
				BUNDLE_LOADER = "$(TEST_HOST)";
				CODE_SIGN_STYLE = Automatic;
				CURRENT_PROJECT_VERSION = 1;
				DEVELOPMENT_TEAM = MAU8HFALP8;
				GENERATE_INFOPLIST_FILE = YES;
				IPHONEOS_DEPLOYMENT_TARGET = 15.4;
				MARKETING_VERSION = 1.0;
				PRODUCT_BUNDLE_IDENTIFIER = com.page.SwiftUITestTests;
				PRODUCT_NAME = "$(TARGET_NAME)";
				SWIFT_EMIT_LOC_STRINGS = NO;
				SWIFT_VERSION = 5.0;
				TARGETED_DEVICE_FAMILY = "1,2";
				TEST_HOST = "$(BUILT_PRODUCTS_DIR)/SwiftUITest.app/SwiftUITest";
			};
			name = Debug;
		};
		1502D797280D20E300219350 /* Release */ = {
			isa = XCBuildConfiguration;
			buildSettings = {
				ALWAYS_EMBED_SWIFT_STANDARD_LIBRARIES = YES;
				BUNDLE_LOADER = "$(TEST_HOST)";
				CODE_SIGN_STYLE = Automatic;
				CURRENT_PROJECT_VERSION = 1;
				DEVELOPMENT_TEAM = MAU8HFALP8;
				GENERATE_INFOPLIST_FILE = YES;
				IPHONEOS_DEPLOYMENT_TARGET = 15.4;
				MARKETING_VERSION = 1.0;
				PRODUCT_BUNDLE_IDENTIFIER = com.page.SwiftUITestTests;
				PRODUCT_NAME = "$(TARGET_NAME)";
				SWIFT_EMIT_LOC_STRINGS = NO;
				SWIFT_VERSION = 5.0;
				TARGETED_DEVICE_FAMILY = "1,2";
				TEST_HOST = "$(BUILT_PRODUCTS_DIR)/SwiftUITest.app/SwiftUITest";
			};
			name = Release;
		};
		1502D799280D20E300219350 /* Debug */ = {
			isa = XCBuildConfiguration;
			buildSettings = {
				ALWAYS_EMBED_SWIFT_STANDARD_LIBRARIES = YES;
				CODE_SIGN_STYLE = Automatic;
				CURRENT_PROJECT_VERSION = 1;
				DEVELOPMENT_TEAM = MAU8HFALP8;
				GENERATE_INFOPLIST_FILE = YES;
				MARKETING_VERSION = 1.0;
				PRODUCT_BUNDLE_IDENTIFIER = com.page.SwiftUITestUITests;
				PRODUCT_NAME = "$(TARGET_NAME)";
				SWIFT_EMIT_LOC_STRINGS = NO;
				SWIFT_VERSION = 5.0;
				TARGETED_DEVICE_FAMILY = "1,2";
				TEST_TARGET_NAME = SwiftUITest;
			};
			name = Debug;
		};
		1502D79A280D20E300219350 /* Release */ = {
			isa = XCBuildConfiguration;
			buildSettings = {
				ALWAYS_EMBED_SWIFT_STANDARD_LIBRARIES = YES;
				CODE_SIGN_STYLE = Automatic;
				CURRENT_PROJECT_VERSION = 1;
				DEVELOPMENT_TEAM = MAU8HFALP8;
				GENERATE_INFOPLIST_FILE = YES;
				MARKETING_VERSION = 1.0;
				PRODUCT_BUNDLE_IDENTIFIER = com.page.SwiftUITestUITests;
				PRODUCT_NAME = "$(TARGET_NAME)";
				SWIFT_EMIT_LOC_STRINGS = NO;
				SWIFT_VERSION = 5.0;
				TARGETED_DEVICE_FAMILY = "1,2";
				TEST_TARGET_NAME = SwiftUITest;
			};
			name = Release;
		};
/* End XCBuildConfiguration section */

/* Begin XCConfigurationList section */
		1502D769280D20E200219350 /* Build configuration list for PBXProject "SwiftUITest" */ = {
			isa = XCConfigurationList;
			buildConfigurations = (
				1502D790280D20E300219350 /* Debug */,
				1502D791280D20E300219350 /* Release */,
			);
			defaultConfigurationIsVisible = 0;
			defaultConfigurationName = Release;
		};
		1502D792280D20E300219350 /* Build configuration list for PBXNativeTarget "SwiftUITest" */ = {
			isa = XCConfigurationList;
			buildConfigurations = (
				1502D793280D20E300219350 /* Debug */,
				1502D794280D20E300219350 /* Release */,
			);
			defaultConfigurationIsVisible = 0;
			defaultConfigurationName = Release;
		};
		1502D795280D20E300219350 /* Build configuration list for PBXNativeTarget "SwiftUITestTests" */ = {
			isa = XCConfigurationList;
			buildConfigurations = (
				1502D796280D20E300219350 /* Debug */,
				1502D797280D20E300219350 /* Release */,
			);
			defaultConfigurationIsVisible = 0;
			defaultConfigurationName = Release;
		};
		1502D798280D20E300219350 /* Build configuration list for PBXNativeTarget "SwiftUITestUITests" */ = {
			isa = XCConfigurationList;
			buildConfigurations = (
				1502D799280D20E300219350 /* Debug */,
				1502D79A280D20E300219350 /* Release */,
			);
			defaultConfigurationIsVisible = 0;
			defaultConfigurationName = Release;
		};
/* End XCConfigurationList section */

/* Begin XCRemoteSwiftPackageReference section */
		1580E3C22843AB6700FB30A7 /* XCRemoteSwiftPackageReference "Kingfisher" */ = {
			isa = XCRemoteSwiftPackageReference;
			repositoryURL = "https://github.com/onevcat/Kingfisher.git";
			requirement = {
				kind = upToNextMajorVersion;
				minimumVersion = 7.0.0;
			};
		};
		159A3F452866E2B800BF89FD /* XCRemoteSwiftPackageReference "Alamofire" */ = {
			isa = XCRemoteSwiftPackageReference;
			repositoryURL = "https://github.com/Alamofire/Alamofire.git";
			requirement = {
				kind = upToNextMajorVersion;
				minimumVersion = 5.0.0;
			};
		};
		15ADCBDE28485D25009734C1 /* XCRemoteSwiftPackageReference "firebase-ios-sdk" */ = {
			isa = XCRemoteSwiftPackageReference;
			repositoryURL = "https://github.com/firebase/firebase-ios-sdk";
			requirement = {
				kind = upToNextMajorVersion;
				minimumVersion = 9.0.0;
			};
		};
		15FAAC0B2873118100275FE0 /* XCRemoteSwiftPackageReference "firebase-ios-sdk" */ = {
			isa = XCRemoteSwiftPackageReference;
			repositoryURL = "https://github.com/firebase/firebase-ios-sdk";
			requirement = {
				kind = upToNextMajorVersion;
				minimumVersion = 9.0.0;
			};
		};
/* End XCRemoteSwiftPackageReference section */

/* Begin XCSwiftPackageProductDependency section */
		1580E3C32843AB6700FB30A7 /* Kingfisher */ = {
			isa = XCSwiftPackageProductDependency;
			package = 1580E3C22843AB6700FB30A7 /* XCRemoteSwiftPackageReference "Kingfisher" */;
			productName = Kingfisher;
		};
		159A3F462866E2B800BF89FD /* Alamofire */ = {
			isa = XCSwiftPackageProductDependency;
			package = 159A3F452866E2B800BF89FD /* XCRemoteSwiftPackageReference "Alamofire" */;
			productName = Alamofire;
		};
		15ADCBDF28485D25009734C1 /* FirebaseAuth */ = {
			isa = XCSwiftPackageProductDependency;
			package = 15ADCBDE28485D25009734C1 /* XCRemoteSwiftPackageReference "firebase-ios-sdk" */;
			productName = FirebaseAuth;
		};
		15ADCBE128485D25009734C1 /* FirebaseDatabase */ = {
			isa = XCSwiftPackageProductDependency;
			package = 15ADCBDE28485D25009734C1 /* XCRemoteSwiftPackageReference "firebase-ios-sdk" */;
			productName = FirebaseDatabase;
		};
		15ADCBE328485D25009734C1 /* FirebaseFirestore */ = {
			isa = XCSwiftPackageProductDependency;
			package = 15ADCBDE28485D25009734C1 /* XCRemoteSwiftPackageReference "firebase-ios-sdk" */;
			productName = FirebaseFirestore;
		};
		15ADCBE528485D25009734C1 /* FirebaseStorage */ = {
			isa = XCSwiftPackageProductDependency;
			package = 15ADCBDE28485D25009734C1 /* XCRemoteSwiftPackageReference "firebase-ios-sdk" */;
			productName = FirebaseStorage;
		};
		15FAAC0C2873118100275FE0 /* FirebaseAnalytics */ = {
			isa = XCSwiftPackageProductDependency;
			package = 15ADCBDE28485D25009734C1 /* XCRemoteSwiftPackageReference "firebase-ios-sdk" */;
			productName = FirebaseAnalytics;
		};
		15FAAC0E2873118100275FE0 /* FirebaseMessaging */ = {
			isa = XCSwiftPackageProductDependency;
			package = 15ADCBDE28485D25009734C1 /* XCRemoteSwiftPackageReference "firebase-ios-sdk" */;
			productName = FirebaseMessaging;
		};
/* End XCSwiftPackageProductDependency section */
	};
	rootObject = 1502D766280D20E200219350 /* Project object */;
}
